
Microsoft Visual Studio Solution File, Format Version 12.00
# Visual Studio Version 17
VisualStudioVersion = 17.0.32112.339
MinimumVisualStudioVersion = 10.0.40219.1
Project("{8BC9CEB8-8B4A-11D0-8D11-00A0C91BC942}") = "0119_CPPOperators", "0119_CPPOperators\0119_CPPOperators.vcxproj", "{F1C79C0C-F95C-4C1A-B06E-53D5D6182B98}"
EndProject
Project("{2150E333-8FDC-42A3-9474-1A3956D46DE8}") = "0119", "0119", "{241459B0-2B14-454C-8595-261C328B6A11}"
EndProject
Project("{8BC9CEB8-8B4A-11D0-8D11-00A0C91BC942}") = "0118_HelloWorld", "0119_HelloWorld\HelloWorld.vcxproj", "{F848C641-7C83-433F-A715-AD32FC70FCB7}"
EndProject
Project("{8BC9CEB8-8B4A-11D0-8D11-00A0C91BC942}") = "0119_Modifier", "0119_Modifier\Modifier.vcxproj", "{B1D9AAF9-E224-4D5F-A388-E917BCA1A39E}"
EndProject
Project("{8BC9CEB8-8B4A-11D0-8D11-00A0C91BC942}") = "0119_VariablesExam", "0119_Variables_exam\Variables_exam_0119.vcxproj", "{372EEE1B-601E-4B0A-9C0B-273ED505B74E}"
EndProject
Project("{2150E333-8FDC-42A3-9474-1A3956D46DE8}") = "0120", "0120", "{8A6D2B46-9A90-421A-9871-14D1B53FD0E4}"
EndProject
Project("{8BC9CEB8-8B4A-11D0-8D11-00A0C91BC942}") = "0120_CIOExample", "0120_CIOExample\CIOExample.vcxproj", "{E58A2EBE-98B2-4989-8830-C4495986BE08}"
EndProject
Project("{8BC9CEB8-8B4A-11D0-8D11-00A0C91BC942}") = "0120_CPPConditionExam", "0120_CPPConditionExam\CPPConditionExam.vcxproj", "{94B30625-5FE0-4356-A6C9-A1D3366ABECF}"
EndProject
Project("{8BC9CEB8-8B4A-11D0-8D11-00A0C91BC942}") = "0120_CPPIOExample", "0120_CPPIOExample\CPPIOExample.vcxproj", "{68657266-9855-40DD-8D5D-FE00247EEDEC}"
EndProject
Project("{8BC9CEB8-8B4A-11D0-8D11-00A0C91BC942}") = "0120_CPPStringExample", "0120_CPPStringExample\CPPStringExample.vcxproj", "{A59586F5-D572-40A6-863F-BA2369C1576A}"
EndProject
Project("{2150E333-8FDC-42A3-9474-1A3956D46DE8}") = "0121", "0121", "{E5491F02-28BA-41EB-B62B-CE1D710836F1}"
EndProject
Project("{8BC9CEB8-8B4A-11D0-8D11-00A0C91BC942}") = "0121_ArrayExam", "0121_ArrayExam\ArrayExam\ArrayExam.vcxproj", "{A1BC52A8-85EA-4BAA-A2CD-A585E7850D05}"
EndProject
Project("{8BC9CEB8-8B4A-11D0-8D11-00A0C91BC942}") = "0121_ArrPointerExample", "0121_ArrPointerExample\ArrPointerExample.vcxproj", "{F0596BBD-CEFC-4D04-8B08-E39B9195BA92}"
EndProject
Project("{8BC9CEB8-8B4A-11D0-8D11-00A0C91BC942}") = "0121_BreakContinue", "0121_BreakContinue\BreakContinue\BreakContinue.vcxproj", "{EEBDD7B4-C329-4603-B299-9CC07660D594}"
EndProject
Project("{8BC9CEB8-8B4A-11D0-8D11-00A0C91BC942}") = "0121_CPPLoopExample", "0121_CPPLoopExample\CPPLoopExample.vcxproj", "{E16CA821-9BD9-43A1-B5F8-587807FAB6B1}"
EndProject
Project("{8BC9CEB8-8B4A-11D0-8D11-00A0C91BC942}") = "0121_PointerExample", "0121_PointerExample\PointerExample.vcxproj", "{78AE7476-6DB0-4B32-AD36-84B229AF3F8B}"
EndProject
Project("{8BC9CEB8-8B4A-11D0-8D11-00A0C91BC942}") = "0121_RefExample", "0121_RefExample\RefExample.vcxproj", "{77EF47B5-2E35-4B7B-877C-9A5FAD7B944F}"
EndProject
Project("{8BC9CEB8-8B4A-11D0-8D11-00A0C91BC942}") = "0121_strLiteralExample", "0121_strLiteralExample\strLiteralExample.vcxproj", "{E7B94B2D-E485-4B7E-A7C8-906ADEF8284E}"
EndProject
Project("{2150E333-8FDC-42A3-9474-1A3956D46DE8}") = "0124", "0124", "{9B877A55-E7EA-485C-8DCD-88F5A31FB71D}"
EndProject
Project("{8BC9CEB8-8B4A-11D0-8D11-00A0C91BC942}") = "0124_CPPDynamicExam", "0124_CPPDynamicExam\CPPDynamicExam.vcxproj", "{633012DB-0484-43E0-A132-15BBE486CD64}"
EndProject
Project("{8BC9CEB8-8B4A-11D0-8D11-00A0C91BC942}") = "0124_dynamicMemExample", "0124_dynamicMemExample\dynamicMemExample.vcxproj", "{164090DF-D3C5-4B3C-A5BD-16670BA8184D}"
EndProject
Project("{8BC9CEB8-8B4A-11D0-8D11-00A0C91BC942}") = "0124_PtrToPtr", "0124_PtrToPtr\PtrToPtr.vcxproj", "{49BCCF24-6409-476F-99C1-035400E4DC63}"
EndProject
Project("{8BC9CEB8-8B4A-11D0-8D11-00A0C91BC942}") = "0124_voidPtrExample", "0124_voidPtrExample\0124.vcxproj", "{28CBD6EC-0ED3-4D38-AA5B-3F7623581BBF}"
EndProject
Project("{2150E333-8FDC-42A3-9474-1A3956D46DE8}") = "0125", "0125", "{D4D0FAAF-6ED9-4F86-8C2C-6101996DA94B}"
EndProject
Project("{8BC9CEB8-8B4A-11D0-8D11-00A0C91BC942}") = "0125_01NewDelArray", "0125_NewDelArray\0125_NewDelArray.vcxproj", "{7F498415-93C1-48A5-8156-0571919ECE56}"
EndProject
Project("{8BC9CEB8-8B4A-11D0-8D11-00A0C91BC942}") = "0125_02TwoDimensionExam", "0125_02TwoDimensionExam\0125_02TwoDimensionExam.vcxproj", "{381B72B4-5612-47AB-82AE-9239ED96FED7}"
EndProject
Project("{8BC9CEB8-8B4A-11D0-8D11-00A0C91BC942}") = "0125_03TwoDArrPointers", "0125_03TwoDArrPointers\0125_03TwoDArrPointers.vcxproj", "{8C366CA1-4D8A-4935-A296-365CFDA553C8}"
EndProject
Project("{8BC9CEB8-8B4A-11D0-8D11-00A0C91BC942}") = "0125_04SmartPointerExample", "0125_04SmartPointerExample\0125_04SmartPointerExample.vcxproj", "{3200163F-1E47-4BE6-8A60-97315CF66168}"
EndProject
Project("{8BC9CEB8-8B4A-11D0-8D11-00A0C91BC942}") = "0125_05FuncExam", "0125_05FucExam\0125_05FucExam.vcxproj", "{BC7BAA83-D7E4-49C1-AFDC-CB62088B0B26}"
EndProject
Project("{8BC9CEB8-8B4A-11D0-8D11-00A0C91BC942}") = "0125_06FuncOverloading", "0125_06FuncOverloading\0125_06FuncOverloading.vcxproj", "{F152F51B-A0D5-46A4-926E-838FBD14F127}"
EndProject
Project("{8BC9CEB8-8B4A-11D0-8D11-00A0C91BC942}") = "0125_07PtrFuncExam", "0125_07PtrFuncExam\0125_07PtrFuncExam.vcxproj", "{601FCE44-BE09-4514-AFD2-5D9601DE1714}"
EndProject
Project("{2150E333-8FDC-42A3-9474-1A3956D46DE8}") = "0126", "0126", "{0E3C3452-928F-4272-BD5C-98E52F3BDFCA}"
EndProject
Project("{8BC9CEB8-8B4A-11D0-8D11-00A0C91BC942}") = "0126_01NameSpaceExample", "0126_01NameSpaceExample\0126_01NameSpaceExample.vcxproj", "{A3124FA5-846C-4EAF-BEDC-62F832CABC5F}"
EndProject
Project("{8BC9CEB8-8B4A-11D0-8D11-00A0C91BC942}") = "0126_02StructExample", "0126_02StructExample\0126_02StructExample.vcxproj", "{5643D14B-0C20-4A0B-9086-5791B5694FE0}"
EndProject
Project("{8BC9CEB8-8B4A-11D0-8D11-00A0C91BC942}") = "0126_03StructSizeExample", "0126_03StructSizeExample\0126_03StructSizeExample.vcxproj", "{3ADB5D7A-2B6E-472C-87DB-0CED1822FAC3}"
EndProject
Project("{8BC9CEB8-8B4A-11D0-8D11-00A0C91BC942}") = "0126_04BasicClassExam", "0126_04BasicClassExam\0126_04BasicClassExam.vcxproj", "{F62E6622-D450-4606-BDAF-3A95B74194B5}"
EndProject
Project("{8BC9CEB8-8B4A-11D0-8D11-00A0C91BC942}") = "0126_assignment", "0126_assignment\0126_assignment.vcxproj", "{B519F539-A4F7-48F2-9D37-E9D2B4FB3F9E}"
EndProject
Project("{2150E333-8FDC-42A3-9474-1A3956D46DE8}") = "0127", "0127", "{3B31D0C0-9828-4909-ABB7-60316C71A5EC}"
EndProject
Project("{8BC9CEB8-8B4A-11D0-8D11-00A0C91BC942}") = "0127_01ConsturctorExam", "0127_01ConsturctorExam\0127_01ConsturctorExam.vcxproj", "{C1166BF3-6CD8-4959-B13F-0768CEA8501D}"
EndProject
Project("{8BC9CEB8-8B4A-11D0-8D11-00A0C91BC942}") = "0127_02Destructor", "0127_02Destructor\0127_02Destructor.vcxproj", "{8779E1D2-C509-4BD9-BEF5-4C6F68F219E1}"
EndProject
Project("{8BC9CEB8-8B4A-11D0-8D11-00A0C91BC942}") = "0127_03ThisPtrExam", "0127_03ThisPtrExam\0127_03ThisPtrExam.vcxproj", "{ADA389AE-4DC0-48D2-880E-4FA5C5A04BCC}"
EndProject
Project("{8BC9CEB8-8B4A-11D0-8D11-00A0C91BC942}") = "0127_04ClassOverloadExam", "0127_04ClassOverloadExam\0127_04ClassOverloadExam.vcxproj", "{82E891D0-3064-47B2-9B5D-0494F6D791ED}"
EndProject
Project("{8BC9CEB8-8B4A-11D0-8D11-00A0C91BC942}") = "0127_05OperOverloadExample", "0127_05OperOverloadExample\0127_05OperOverloadExample.vcxproj", "{D5489F5F-D456-4975-89EA-881720F9B9A1}"
EndProject
Project("{2150E333-8FDC-42A3-9474-1A3956D46DE8}") = "0128", "0128", "{DA082430-0207-41E7-9886-EA0839D788C5}"
EndProject
Project("{8BC9CEB8-8B4A-11D0-8D11-00A0C91BC942}") = "0128_01AccessSpecifierExam", "0128_01AccessSpecifierExam\0128_01AccessSpecifierExam.vcxproj", "{FCEA7C74-D3BA-4D00-85B5-89903D5EF9D5}"
EndProject
Project("{8BC9CEB8-8B4A-11D0-8D11-00A0C91BC942}") = "0128_02EncapsulationExam", "0128_02EncapsulationExam\0128_02EncapsulationExam.vcxproj", "{3AAE7010-C3C9-4E77-9E3A-D41CE6C733D2}"
EndProject
Project("{8BC9CEB8-8B4A-11D0-8D11-00A0C91BC942}") = "0128_03InheritExam", "0128_03InheritExam\0128_03InheritExam.vcxproj", "{F8D9CA9B-4E1B-4367-A41A-4691B7C6AC8A}"
EndProject
Project("{8BC9CEB8-8B4A-11D0-8D11-00A0C91BC942}") = "0128_04ShapeInheritExam", "0128_04ShapeInheritExam\0128_04ShapeInheritExam.vcxproj", "{4D0A4C60-79F0-4900-BC74-D055D7E00317}"
EndProject
Project("{8BC9CEB8-8B4A-11D0-8D11-00A0C91BC942}") = "0128_05StaticVariableExam", "0128_05StaticVariableExam\0128_05StaticVariableExam.vcxproj", "{6FFA10D5-95EB-4666-AF19-3AE31B08C3F3}"
EndProject
Project("{8BC9CEB8-8B4A-11D0-8D11-00A0C91BC942}") = "0128_06PolyExam", "0128_06PolyExam\0128_06PolyExam.vcxproj", "{F13AC833-8046-40E3-9C85-78F99571610C}"
EndProject
Project("{8BC9CEB8-8B4A-11D0-8D11-00A0C91BC942}") = "0128_07AbstractClassExam", "0128_07AbstractClassExam\0128_07AbstractClassExam.vcxproj", "{0A38151A-0FD2-43FF-B623-F1A4321D4634}"
EndProject
Project("{8BC9CEB8-8B4A-11D0-8D11-00A0C91BC942}") = "0128_08AbstractDataExam", "0128_08AbstractDataExam\0128_08AbstractDataExam.vcxproj", "{20F39D75-4459-4467-81FD-1BAED4D547EA}"
EndProject
Project("{2150E333-8FDC-42A3-9474-1A3956D46DE8}") = "0203", "0203", "{A1006BE2-B234-4A54-B902-A1B60E71E567}"
EndProject
Project("{8BC9CEB8-8B4A-11D0-8D11-00A0C91BC942}") = "0203_02fileioExam", "0203_02fileioExam\0203_02fileioExam.vcxproj", "{157E9736-7D98-4182-B8B6-91683A1BE4F7}"
EndProject
Project("{8BC9CEB8-8B4A-11D0-8D11-00A0C91BC942}") = "0203_01fstreamExam", "0203_01fstreamExam\0203_01fstreamExam.vcxproj", "{5D5EA736-33C9-4DEA-95F7-757811D240D4}"
EndProject
Project("{8BC9CEB8-8B4A-11D0-8D11-00A0C91BC942}") = "0203_03filePointerExam", "0203_03filePointerExam\0203_03filePointerExam.vcxproj", "{03A16B38-9DBA-4C31-B39A-871BDA6EBE90}"
EndProject
Project("{8BC9CEB8-8B4A-11D0-8D11-00A0C91BC942}") = "0203_04simpleCopyExam", "0203_04simpleCopyExam\0203_04simpleCopyExam.vcxproj", "{D4D8F96F-0F1C-49E3-A408-278178101105}"
EndProject
Project("{8BC9CEB8-8B4A-11D0-8D11-00A0C91BC942}") = "0203_05filePosExam", "0203_05filePosExam\0203_05filePosExam.vcxproj", "{FBF9080F-AE8A-4D11-A985-F167F5E6E1D2}"
EndProject
Project("{8BC9CEB8-8B4A-11D0-8D11-00A0C91BC942}") = "0203_06SimpleThrowExam", "0203_06SimpleThrowExam\0203_06SimpleThrowExam.vcxproj", "{8DB5FABC-96BC-41B3-ADC7-A4C10218A41E}"
EndProject
Project("{8BC9CEB8-8B4A-11D0-8D11-00A0C91BC942}") = "0203_07StdExceptionClassExam", "0203_07StdExceptionClassExam\0203_07StdExceptionClassExam.vcxproj", "{885FC50E-2DE2-4AE6-8231-AF32E2DFCFEE}"
EndProject
Project("{8BC9CEB8-8B4A-11D0-8D11-00A0C91BC942}") = "0203_assignment", "0203_assignment\0203_assignment.vcxproj", "{C9C1B56A-9A64-44BB-BFEE-DA7ECDAACA47}"
EndProject
Project("{2150E333-8FDC-42A3-9474-1A3956D46DE8}") = "0204", "0204", "{8A39D9EB-F5B5-4773-B67B-1A3EDA6D2A07}"
EndProject
Project("{8BC9CEB8-8B4A-11D0-8D11-00A0C91BC942}") = "0204_01simpleTempleteFunctionExam", "0204_01simpleTempleteFunctionExam\0204_01simpleTempleteFunctionExam.vcxproj", "{3720B8BF-CE87-4B6A-AFC0-DE1A194E8C86}"
EndProject
Project("{8BC9CEB8-8B4A-11D0-8D11-00A0C91BC942}") = "0204_02StackTemplateExam", "0204_02StackTemplateExam\0204_02StackTemplateExam.vcxproj", "{CFFAA576-D07D-4099-9B84-DF531F56645F}"
EndProject
Project("{8BC9CEB8-8B4A-11D0-8D11-00A0C91BC942}") = "0204_03SimpleClassTemplateExam", "0204_03SimpleClassTemplateExam\0204_03SimpleClassTemplateExam.vcxproj", "{F72AB5B9-DE9F-47BA-8043-1323F9A8F136}"
EndProject
Project("{8BC9CEB8-8B4A-11D0-8D11-00A0C91BC942}") = "0204_04SimpleVetorExam", "0204_04SimpleVetorExam\0204_04SimpleVetorExam.vcxproj", "{D3D27B9D-96D4-4F7B-8258-2B143D646391}"
EndProject
Project("{8BC9CEB8-8B4A-11D0-8D11-00A0C91BC942}") = "0204_05VectorItrExam", "0204_05VectorItrExam\0204_05VectorItrExam.vcxproj", "{6C679E53-82B6-4AB7-9B66-4C1858636492}"
EndProject
Project("{8BC9CEB8-8B4A-11D0-8D11-00A0C91BC942}") = "0204_06CautionItrExam", "0204_06CautionItrExam\0204_06CautionItrExam.vcxproj", "{C7877E77-5245-429E-B31A-F87D0F72A301}"
EndProject
Project("{8BC9CEB8-8B4A-11D0-8D11-00A0C91BC942}") = "0204_07ConstItrExam", "0204_07ConstItrExam\0204_07ConstItrExam.vcxproj", "{E7C3CE49-2EE9-4042-8CA6-E04BF7CCEC4B}"
EndProject
Project("{8BC9CEB8-8B4A-11D0-8D11-00A0C91BC942}") = "0204_08SimpleListExam", "0204_08SimpleListExam\0204_08SimpleListExam.vcxproj", "{2A632729-A788-4864-9BA3-098805A3CB79}"
EndProject
Global
	GlobalSection(SolutionConfigurationPlatforms) = preSolution
		Debug|x64 = Debug|x64
		Debug|x86 = Debug|x86
		Release|x64 = Release|x64
		Release|x86 = Release|x86
	EndGlobalSection
	GlobalSection(ProjectConfigurationPlatforms) = postSolution
		{F1C79C0C-F95C-4C1A-B06E-53D5D6182B98}.Debug|x64.ActiveCfg = Debug|x64
		{F1C79C0C-F95C-4C1A-B06E-53D5D6182B98}.Debug|x64.Build.0 = Debug|x64
		{F1C79C0C-F95C-4C1A-B06E-53D5D6182B98}.Debug|x86.ActiveCfg = Debug|Win32
		{F1C79C0C-F95C-4C1A-B06E-53D5D6182B98}.Debug|x86.Build.0 = Debug|Win32
		{F1C79C0C-F95C-4C1A-B06E-53D5D6182B98}.Release|x64.ActiveCfg = Release|x64
		{F1C79C0C-F95C-4C1A-B06E-53D5D6182B98}.Release|x64.Build.0 = Release|x64
		{F1C79C0C-F95C-4C1A-B06E-53D5D6182B98}.Release|x86.ActiveCfg = Release|Win32
		{F1C79C0C-F95C-4C1A-B06E-53D5D6182B98}.Release|x86.Build.0 = Release|Win32
		{F848C641-7C83-433F-A715-AD32FC70FCB7}.Debug|x64.ActiveCfg = Debug|x64
		{F848C641-7C83-433F-A715-AD32FC70FCB7}.Debug|x64.Build.0 = Debug|x64
		{F848C641-7C83-433F-A715-AD32FC70FCB7}.Debug|x86.ActiveCfg = Debug|Win32
		{F848C641-7C83-433F-A715-AD32FC70FCB7}.Debug|x86.Build.0 = Debug|Win32
		{F848C641-7C83-433F-A715-AD32FC70FCB7}.Release|x64.ActiveCfg = Release|x64
		{F848C641-7C83-433F-A715-AD32FC70FCB7}.Release|x64.Build.0 = Release|x64
		{F848C641-7C83-433F-A715-AD32FC70FCB7}.Release|x86.ActiveCfg = Release|Win32
		{F848C641-7C83-433F-A715-AD32FC70FCB7}.Release|x86.Build.0 = Release|Win32
		{B1D9AAF9-E224-4D5F-A388-E917BCA1A39E}.Debug|x64.ActiveCfg = Debug|x64
		{B1D9AAF9-E224-4D5F-A388-E917BCA1A39E}.Debug|x64.Build.0 = Debug|x64
		{B1D9AAF9-E224-4D5F-A388-E917BCA1A39E}.Debug|x86.ActiveCfg = Debug|Win32
		{B1D9AAF9-E224-4D5F-A388-E917BCA1A39E}.Debug|x86.Build.0 = Debug|Win32
		{B1D9AAF9-E224-4D5F-A388-E917BCA1A39E}.Release|x64.ActiveCfg = Release|x64
		{B1D9AAF9-E224-4D5F-A388-E917BCA1A39E}.Release|x64.Build.0 = Release|x64
		{B1D9AAF9-E224-4D5F-A388-E917BCA1A39E}.Release|x86.ActiveCfg = Release|Win32
		{B1D9AAF9-E224-4D5F-A388-E917BCA1A39E}.Release|x86.Build.0 = Release|Win32
		{372EEE1B-601E-4B0A-9C0B-273ED505B74E}.Debug|x64.ActiveCfg = Debug|x64
		{372EEE1B-601E-4B0A-9C0B-273ED505B74E}.Debug|x64.Build.0 = Debug|x64
		{372EEE1B-601E-4B0A-9C0B-273ED505B74E}.Debug|x86.ActiveCfg = Debug|Win32
		{372EEE1B-601E-4B0A-9C0B-273ED505B74E}.Debug|x86.Build.0 = Debug|Win32
		{372EEE1B-601E-4B0A-9C0B-273ED505B74E}.Release|x64.ActiveCfg = Release|x64
		{372EEE1B-601E-4B0A-9C0B-273ED505B74E}.Release|x64.Build.0 = Release|x64
		{372EEE1B-601E-4B0A-9C0B-273ED505B74E}.Release|x86.ActiveCfg = Release|Win32
		{372EEE1B-601E-4B0A-9C0B-273ED505B74E}.Release|x86.Build.0 = Release|Win32
		{E58A2EBE-98B2-4989-8830-C4495986BE08}.Debug|x64.ActiveCfg = Debug|x64
		{E58A2EBE-98B2-4989-8830-C4495986BE08}.Debug|x64.Build.0 = Debug|x64
		{E58A2EBE-98B2-4989-8830-C4495986BE08}.Debug|x86.ActiveCfg = Debug|Win32
		{E58A2EBE-98B2-4989-8830-C4495986BE08}.Debug|x86.Build.0 = Debug|Win32
		{E58A2EBE-98B2-4989-8830-C4495986BE08}.Release|x64.ActiveCfg = Release|x64
		{E58A2EBE-98B2-4989-8830-C4495986BE08}.Release|x64.Build.0 = Release|x64
		{E58A2EBE-98B2-4989-8830-C4495986BE08}.Release|x86.ActiveCfg = Release|Win32
		{E58A2EBE-98B2-4989-8830-C4495986BE08}.Release|x86.Build.0 = Release|Win32
		{94B30625-5FE0-4356-A6C9-A1D3366ABECF}.Debug|x64.ActiveCfg = Debug|x64
		{94B30625-5FE0-4356-A6C9-A1D3366ABECF}.Debug|x64.Build.0 = Debug|x64
		{94B30625-5FE0-4356-A6C9-A1D3366ABECF}.Debug|x86.ActiveCfg = Debug|Win32
		{94B30625-5FE0-4356-A6C9-A1D3366ABECF}.Debug|x86.Build.0 = Debug|Win32
		{94B30625-5FE0-4356-A6C9-A1D3366ABECF}.Release|x64.ActiveCfg = Release|x64
		{94B30625-5FE0-4356-A6C9-A1D3366ABECF}.Release|x64.Build.0 = Release|x64
		{94B30625-5FE0-4356-A6C9-A1D3366ABECF}.Release|x86.ActiveCfg = Release|Win32
		{94B30625-5FE0-4356-A6C9-A1D3366ABECF}.Release|x86.Build.0 = Release|Win32
		{68657266-9855-40DD-8D5D-FE00247EEDEC}.Debug|x64.ActiveCfg = Debug|x64
		{68657266-9855-40DD-8D5D-FE00247EEDEC}.Debug|x64.Build.0 = Debug|x64
		{68657266-9855-40DD-8D5D-FE00247EEDEC}.Debug|x86.ActiveCfg = Debug|Win32
		{68657266-9855-40DD-8D5D-FE00247EEDEC}.Debug|x86.Build.0 = Debug|Win32
		{68657266-9855-40DD-8D5D-FE00247EEDEC}.Release|x64.ActiveCfg = Release|x64
		{68657266-9855-40DD-8D5D-FE00247EEDEC}.Release|x64.Build.0 = Release|x64
		{68657266-9855-40DD-8D5D-FE00247EEDEC}.Release|x86.ActiveCfg = Release|Win32
		{68657266-9855-40DD-8D5D-FE00247EEDEC}.Release|x86.Build.0 = Release|Win32
		{A59586F5-D572-40A6-863F-BA2369C1576A}.Debug|x64.ActiveCfg = Debug|x64
		{A59586F5-D572-40A6-863F-BA2369C1576A}.Debug|x64.Build.0 = Debug|x64
		{A59586F5-D572-40A6-863F-BA2369C1576A}.Debug|x86.ActiveCfg = Debug|Win32
		{A59586F5-D572-40A6-863F-BA2369C1576A}.Debug|x86.Build.0 = Debug|Win32
		{A59586F5-D572-40A6-863F-BA2369C1576A}.Release|x64.ActiveCfg = Release|x64
		{A59586F5-D572-40A6-863F-BA2369C1576A}.Release|x64.Build.0 = Release|x64
		{A59586F5-D572-40A6-863F-BA2369C1576A}.Release|x86.ActiveCfg = Release|Win32
		{A59586F5-D572-40A6-863F-BA2369C1576A}.Release|x86.Build.0 = Release|Win32
		{A1BC52A8-85EA-4BAA-A2CD-A585E7850D05}.Debug|x64.ActiveCfg = Debug|x64
		{A1BC52A8-85EA-4BAA-A2CD-A585E7850D05}.Debug|x64.Build.0 = Debug|x64
		{A1BC52A8-85EA-4BAA-A2CD-A585E7850D05}.Debug|x86.ActiveCfg = Debug|Win32
		{A1BC52A8-85EA-4BAA-A2CD-A585E7850D05}.Debug|x86.Build.0 = Debug|Win32
		{A1BC52A8-85EA-4BAA-A2CD-A585E7850D05}.Release|x64.ActiveCfg = Release|x64
		{A1BC52A8-85EA-4BAA-A2CD-A585E7850D05}.Release|x64.Build.0 = Release|x64
		{A1BC52A8-85EA-4BAA-A2CD-A585E7850D05}.Release|x86.ActiveCfg = Release|Win32
		{A1BC52A8-85EA-4BAA-A2CD-A585E7850D05}.Release|x86.Build.0 = Release|Win32
		{F0596BBD-CEFC-4D04-8B08-E39B9195BA92}.Debug|x64.ActiveCfg = Debug|x64
		{F0596BBD-CEFC-4D04-8B08-E39B9195BA92}.Debug|x64.Build.0 = Debug|x64
		{F0596BBD-CEFC-4D04-8B08-E39B9195BA92}.Debug|x86.ActiveCfg = Debug|Win32
		{F0596BBD-CEFC-4D04-8B08-E39B9195BA92}.Debug|x86.Build.0 = Debug|Win32
		{F0596BBD-CEFC-4D04-8B08-E39B9195BA92}.Release|x64.ActiveCfg = Release|x64
		{F0596BBD-CEFC-4D04-8B08-E39B9195BA92}.Release|x64.Build.0 = Release|x64
		{F0596BBD-CEFC-4D04-8B08-E39B9195BA92}.Release|x86.ActiveCfg = Release|Win32
		{F0596BBD-CEFC-4D04-8B08-E39B9195BA92}.Release|x86.Build.0 = Release|Win32
		{EEBDD7B4-C329-4603-B299-9CC07660D594}.Debug|x64.ActiveCfg = Debug|x64
		{EEBDD7B4-C329-4603-B299-9CC07660D594}.Debug|x64.Build.0 = Debug|x64
		{EEBDD7B4-C329-4603-B299-9CC07660D594}.Debug|x86.ActiveCfg = Debug|Win32
		{EEBDD7B4-C329-4603-B299-9CC07660D594}.Debug|x86.Build.0 = Debug|Win32
		{EEBDD7B4-C329-4603-B299-9CC07660D594}.Release|x64.ActiveCfg = Release|x64
		{EEBDD7B4-C329-4603-B299-9CC07660D594}.Release|x64.Build.0 = Release|x64
		{EEBDD7B4-C329-4603-B299-9CC07660D594}.Release|x86.ActiveCfg = Release|Win32
		{EEBDD7B4-C329-4603-B299-9CC07660D594}.Release|x86.Build.0 = Release|Win32
		{E16CA821-9BD9-43A1-B5F8-587807FAB6B1}.Debug|x64.ActiveCfg = Debug|x64
		{E16CA821-9BD9-43A1-B5F8-587807FAB6B1}.Debug|x64.Build.0 = Debug|x64
		{E16CA821-9BD9-43A1-B5F8-587807FAB6B1}.Debug|x86.ActiveCfg = Debug|Win32
		{E16CA821-9BD9-43A1-B5F8-587807FAB6B1}.Debug|x86.Build.0 = Debug|Win32
		{E16CA821-9BD9-43A1-B5F8-587807FAB6B1}.Release|x64.ActiveCfg = Release|x64
		{E16CA821-9BD9-43A1-B5F8-587807FAB6B1}.Release|x64.Build.0 = Release|x64
		{E16CA821-9BD9-43A1-B5F8-587807FAB6B1}.Release|x86.ActiveCfg = Release|Win32
		{E16CA821-9BD9-43A1-B5F8-587807FAB6B1}.Release|x86.Build.0 = Release|Win32
		{78AE7476-6DB0-4B32-AD36-84B229AF3F8B}.Debug|x64.ActiveCfg = Debug|x64
		{78AE7476-6DB0-4B32-AD36-84B229AF3F8B}.Debug|x64.Build.0 = Debug|x64
		{78AE7476-6DB0-4B32-AD36-84B229AF3F8B}.Debug|x86.ActiveCfg = Debug|Win32
		{78AE7476-6DB0-4B32-AD36-84B229AF3F8B}.Debug|x86.Build.0 = Debug|Win32
		{78AE7476-6DB0-4B32-AD36-84B229AF3F8B}.Release|x64.ActiveCfg = Release|x64
		{78AE7476-6DB0-4B32-AD36-84B229AF3F8B}.Release|x64.Build.0 = Release|x64
		{78AE7476-6DB0-4B32-AD36-84B229AF3F8B}.Release|x86.ActiveCfg = Release|Win32
		{78AE7476-6DB0-4B32-AD36-84B229AF3F8B}.Release|x86.Build.0 = Release|Win32
		{77EF47B5-2E35-4B7B-877C-9A5FAD7B944F}.Debug|x64.ActiveCfg = Debug|x64
		{77EF47B5-2E35-4B7B-877C-9A5FAD7B944F}.Debug|x64.Build.0 = Debug|x64
		{77EF47B5-2E35-4B7B-877C-9A5FAD7B944F}.Debug|x86.ActiveCfg = Debug|Win32
		{77EF47B5-2E35-4B7B-877C-9A5FAD7B944F}.Debug|x86.Build.0 = Debug|Win32
		{77EF47B5-2E35-4B7B-877C-9A5FAD7B944F}.Release|x64.ActiveCfg = Release|x64
		{77EF47B5-2E35-4B7B-877C-9A5FAD7B944F}.Release|x64.Build.0 = Release|x64
		{77EF47B5-2E35-4B7B-877C-9A5FAD7B944F}.Release|x86.ActiveCfg = Release|Win32
		{77EF47B5-2E35-4B7B-877C-9A5FAD7B944F}.Release|x86.Build.0 = Release|Win32
		{E7B94B2D-E485-4B7E-A7C8-906ADEF8284E}.Debug|x64.ActiveCfg = Debug|x64
		{E7B94B2D-E485-4B7E-A7C8-906ADEF8284E}.Debug|x64.Build.0 = Debug|x64
		{E7B94B2D-E485-4B7E-A7C8-906ADEF8284E}.Debug|x86.ActiveCfg = Debug|Win32
		{E7B94B2D-E485-4B7E-A7C8-906ADEF8284E}.Debug|x86.Build.0 = Debug|Win32
		{E7B94B2D-E485-4B7E-A7C8-906ADEF8284E}.Release|x64.ActiveCfg = Release|x64
		{E7B94B2D-E485-4B7E-A7C8-906ADEF8284E}.Release|x64.Build.0 = Release|x64
		{E7B94B2D-E485-4B7E-A7C8-906ADEF8284E}.Release|x86.ActiveCfg = Release|Win32
		{E7B94B2D-E485-4B7E-A7C8-906ADEF8284E}.Release|x86.Build.0 = Release|Win32
		{633012DB-0484-43E0-A132-15BBE486CD64}.Debug|x64.ActiveCfg = Debug|x64
		{633012DB-0484-43E0-A132-15BBE486CD64}.Debug|x64.Build.0 = Debug|x64
		{633012DB-0484-43E0-A132-15BBE486CD64}.Debug|x86.ActiveCfg = Debug|Win32
		{633012DB-0484-43E0-A132-15BBE486CD64}.Debug|x86.Build.0 = Debug|Win32
		{633012DB-0484-43E0-A132-15BBE486CD64}.Release|x64.ActiveCfg = Release|x64
		{633012DB-0484-43E0-A132-15BBE486CD64}.Release|x64.Build.0 = Release|x64
		{633012DB-0484-43E0-A132-15BBE486CD64}.Release|x86.ActiveCfg = Release|Win32
		{633012DB-0484-43E0-A132-15BBE486CD64}.Release|x86.Build.0 = Release|Win32
		{164090DF-D3C5-4B3C-A5BD-16670BA8184D}.Debug|x64.ActiveCfg = Debug|x64
		{164090DF-D3C5-4B3C-A5BD-16670BA8184D}.Debug|x64.Build.0 = Debug|x64
		{164090DF-D3C5-4B3C-A5BD-16670BA8184D}.Debug|x86.ActiveCfg = Debug|Win32
		{164090DF-D3C5-4B3C-A5BD-16670BA8184D}.Debug|x86.Build.0 = Debug|Win32
		{164090DF-D3C5-4B3C-A5BD-16670BA8184D}.Release|x64.ActiveCfg = Release|x64
		{164090DF-D3C5-4B3C-A5BD-16670BA8184D}.Release|x64.Build.0 = Release|x64
		{164090DF-D3C5-4B3C-A5BD-16670BA8184D}.Release|x86.ActiveCfg = Release|Win32
		{164090DF-D3C5-4B3C-A5BD-16670BA8184D}.Release|x86.Build.0 = Release|Win32
		{49BCCF24-6409-476F-99C1-035400E4DC63}.Debug|x64.ActiveCfg = Debug|x64
		{49BCCF24-6409-476F-99C1-035400E4DC63}.Debug|x64.Build.0 = Debug|x64
		{49BCCF24-6409-476F-99C1-035400E4DC63}.Debug|x86.ActiveCfg = Debug|Win32
		{49BCCF24-6409-476F-99C1-035400E4DC63}.Debug|x86.Build.0 = Debug|Win32
		{49BCCF24-6409-476F-99C1-035400E4DC63}.Release|x64.ActiveCfg = Release|x64
		{49BCCF24-6409-476F-99C1-035400E4DC63}.Release|x64.Build.0 = Release|x64
		{49BCCF24-6409-476F-99C1-035400E4DC63}.Release|x86.ActiveCfg = Release|Win32
		{49BCCF24-6409-476F-99C1-035400E4DC63}.Release|x86.Build.0 = Release|Win32
		{28CBD6EC-0ED3-4D38-AA5B-3F7623581BBF}.Debug|x64.ActiveCfg = Debug|x64
		{28CBD6EC-0ED3-4D38-AA5B-3F7623581BBF}.Debug|x64.Build.0 = Debug|x64
		{28CBD6EC-0ED3-4D38-AA5B-3F7623581BBF}.Debug|x86.ActiveCfg = Debug|Win32
		{28CBD6EC-0ED3-4D38-AA5B-3F7623581BBF}.Debug|x86.Build.0 = Debug|Win32
		{28CBD6EC-0ED3-4D38-AA5B-3F7623581BBF}.Release|x64.ActiveCfg = Release|x64
		{28CBD6EC-0ED3-4D38-AA5B-3F7623581BBF}.Release|x64.Build.0 = Release|x64
		{28CBD6EC-0ED3-4D38-AA5B-3F7623581BBF}.Release|x86.ActiveCfg = Release|Win32
		{28CBD6EC-0ED3-4D38-AA5B-3F7623581BBF}.Release|x86.Build.0 = Release|Win32
		{7F498415-93C1-48A5-8156-0571919ECE56}.Debug|x64.ActiveCfg = Debug|x64
		{7F498415-93C1-48A5-8156-0571919ECE56}.Debug|x64.Build.0 = Debug|x64
		{7F498415-93C1-48A5-8156-0571919ECE56}.Debug|x86.ActiveCfg = Debug|Win32
		{7F498415-93C1-48A5-8156-0571919ECE56}.Debug|x86.Build.0 = Debug|Win32
		{7F498415-93C1-48A5-8156-0571919ECE56}.Release|x64.ActiveCfg = Release|x64
		{7F498415-93C1-48A5-8156-0571919ECE56}.Release|x64.Build.0 = Release|x64
		{7F498415-93C1-48A5-8156-0571919ECE56}.Release|x86.ActiveCfg = Release|Win32
		{7F498415-93C1-48A5-8156-0571919ECE56}.Release|x86.Build.0 = Release|Win32
		{381B72B4-5612-47AB-82AE-9239ED96FED7}.Debug|x64.ActiveCfg = Debug|x64
		{381B72B4-5612-47AB-82AE-9239ED96FED7}.Debug|x64.Build.0 = Debug|x64
		{381B72B4-5612-47AB-82AE-9239ED96FED7}.Debug|x86.ActiveCfg = Debug|Win32
		{381B72B4-5612-47AB-82AE-9239ED96FED7}.Debug|x86.Build.0 = Debug|Win32
		{381B72B4-5612-47AB-82AE-9239ED96FED7}.Release|x64.ActiveCfg = Release|x64
		{381B72B4-5612-47AB-82AE-9239ED96FED7}.Release|x64.Build.0 = Release|x64
		{381B72B4-5612-47AB-82AE-9239ED96FED7}.Release|x86.ActiveCfg = Release|Win32
		{381B72B4-5612-47AB-82AE-9239ED96FED7}.Release|x86.Build.0 = Release|Win32
		{8C366CA1-4D8A-4935-A296-365CFDA553C8}.Debug|x64.ActiveCfg = Debug|x64
		{8C366CA1-4D8A-4935-A296-365CFDA553C8}.Debug|x64.Build.0 = Debug|x64
		{8C366CA1-4D8A-4935-A296-365CFDA553C8}.Debug|x86.ActiveCfg = Debug|Win32
		{8C366CA1-4D8A-4935-A296-365CFDA553C8}.Debug|x86.Build.0 = Debug|Win32
		{8C366CA1-4D8A-4935-A296-365CFDA553C8}.Release|x64.ActiveCfg = Release|x64
		{8C366CA1-4D8A-4935-A296-365CFDA553C8}.Release|x64.Build.0 = Release|x64
		{8C366CA1-4D8A-4935-A296-365CFDA553C8}.Release|x86.ActiveCfg = Release|Win32
		{8C366CA1-4D8A-4935-A296-365CFDA553C8}.Release|x86.Build.0 = Release|Win32
		{3200163F-1E47-4BE6-8A60-97315CF66168}.Debug|x64.ActiveCfg = Debug|x64
		{3200163F-1E47-4BE6-8A60-97315CF66168}.Debug|x64.Build.0 = Debug|x64
		{3200163F-1E47-4BE6-8A60-97315CF66168}.Debug|x86.ActiveCfg = Debug|Win32
		{3200163F-1E47-4BE6-8A60-97315CF66168}.Debug|x86.Build.0 = Debug|Win32
		{3200163F-1E47-4BE6-8A60-97315CF66168}.Release|x64.ActiveCfg = Release|x64
		{3200163F-1E47-4BE6-8A60-97315CF66168}.Release|x64.Build.0 = Release|x64
		{3200163F-1E47-4BE6-8A60-97315CF66168}.Release|x86.ActiveCfg = Release|Win32
		{3200163F-1E47-4BE6-8A60-97315CF66168}.Release|x86.Build.0 = Release|Win32
		{BC7BAA83-D7E4-49C1-AFDC-CB62088B0B26}.Debug|x64.ActiveCfg = Debug|x64
		{BC7BAA83-D7E4-49C1-AFDC-CB62088B0B26}.Debug|x64.Build.0 = Debug|x64
		{BC7BAA83-D7E4-49C1-AFDC-CB62088B0B26}.Debug|x86.ActiveCfg = Debug|Win32
		{BC7BAA83-D7E4-49C1-AFDC-CB62088B0B26}.Debug|x86.Build.0 = Debug|Win32
		{BC7BAA83-D7E4-49C1-AFDC-CB62088B0B26}.Release|x64.ActiveCfg = Release|x64
		{BC7BAA83-D7E4-49C1-AFDC-CB62088B0B26}.Release|x64.Build.0 = Release|x64
		{BC7BAA83-D7E4-49C1-AFDC-CB62088B0B26}.Release|x86.ActiveCfg = Release|Win32
		{BC7BAA83-D7E4-49C1-AFDC-CB62088B0B26}.Release|x86.Build.0 = Release|Win32
		{F152F51B-A0D5-46A4-926E-838FBD14F127}.Debug|x64.ActiveCfg = Debug|x64
		{F152F51B-A0D5-46A4-926E-838FBD14F127}.Debug|x64.Build.0 = Debug|x64
		{F152F51B-A0D5-46A4-926E-838FBD14F127}.Debug|x86.ActiveCfg = Debug|Win32
		{F152F51B-A0D5-46A4-926E-838FBD14F127}.Debug|x86.Build.0 = Debug|Win32
		{F152F51B-A0D5-46A4-926E-838FBD14F127}.Release|x64.ActiveCfg = Release|x64
		{F152F51B-A0D5-46A4-926E-838FBD14F127}.Release|x64.Build.0 = Release|x64
		{F152F51B-A0D5-46A4-926E-838FBD14F127}.Release|x86.ActiveCfg = Release|Win32
		{F152F51B-A0D5-46A4-926E-838FBD14F127}.Release|x86.Build.0 = Release|Win32
		{601FCE44-BE09-4514-AFD2-5D9601DE1714}.Debug|x64.ActiveCfg = Debug|x64
		{601FCE44-BE09-4514-AFD2-5D9601DE1714}.Debug|x64.Build.0 = Debug|x64
		{601FCE44-BE09-4514-AFD2-5D9601DE1714}.Debug|x86.ActiveCfg = Debug|Win32
		{601FCE44-BE09-4514-AFD2-5D9601DE1714}.Debug|x86.Build.0 = Debug|Win32
		{601FCE44-BE09-4514-AFD2-5D9601DE1714}.Release|x64.ActiveCfg = Release|x64
		{601FCE44-BE09-4514-AFD2-5D9601DE1714}.Release|x64.Build.0 = Release|x64
		{601FCE44-BE09-4514-AFD2-5D9601DE1714}.Release|x86.ActiveCfg = Release|Win32
		{601FCE44-BE09-4514-AFD2-5D9601DE1714}.Release|x86.Build.0 = Release|Win32
		{A3124FA5-846C-4EAF-BEDC-62F832CABC5F}.Debug|x64.ActiveCfg = Debug|x64
		{A3124FA5-846C-4EAF-BEDC-62F832CABC5F}.Debug|x64.Build.0 = Debug|x64
		{A3124FA5-846C-4EAF-BEDC-62F832CABC5F}.Debug|x86.ActiveCfg = Debug|Win32
		{A3124FA5-846C-4EAF-BEDC-62F832CABC5F}.Debug|x86.Build.0 = Debug|Win32
		{A3124FA5-846C-4EAF-BEDC-62F832CABC5F}.Release|x64.ActiveCfg = Release|x64
		{A3124FA5-846C-4EAF-BEDC-62F832CABC5F}.Release|x64.Build.0 = Release|x64
		{A3124FA5-846C-4EAF-BEDC-62F832CABC5F}.Release|x86.ActiveCfg = Release|Win32
		{A3124FA5-846C-4EAF-BEDC-62F832CABC5F}.Release|x86.Build.0 = Release|Win32
		{5643D14B-0C20-4A0B-9086-5791B5694FE0}.Debug|x64.ActiveCfg = Debug|x64
		{5643D14B-0C20-4A0B-9086-5791B5694FE0}.Debug|x64.Build.0 = Debug|x64
		{5643D14B-0C20-4A0B-9086-5791B5694FE0}.Debug|x86.ActiveCfg = Debug|Win32
		{5643D14B-0C20-4A0B-9086-5791B5694FE0}.Debug|x86.Build.0 = Debug|Win32
		{5643D14B-0C20-4A0B-9086-5791B5694FE0}.Release|x64.ActiveCfg = Release|x64
		{5643D14B-0C20-4A0B-9086-5791B5694FE0}.Release|x64.Build.0 = Release|x64
		{5643D14B-0C20-4A0B-9086-5791B5694FE0}.Release|x86.ActiveCfg = Release|Win32
		{5643D14B-0C20-4A0B-9086-5791B5694FE0}.Release|x86.Build.0 = Release|Win32
		{3ADB5D7A-2B6E-472C-87DB-0CED1822FAC3}.Debug|x64.ActiveCfg = Debug|x64
		{3ADB5D7A-2B6E-472C-87DB-0CED1822FAC3}.Debug|x64.Build.0 = Debug|x64
		{3ADB5D7A-2B6E-472C-87DB-0CED1822FAC3}.Debug|x86.ActiveCfg = Debug|Win32
		{3ADB5D7A-2B6E-472C-87DB-0CED1822FAC3}.Debug|x86.Build.0 = Debug|Win32
		{3ADB5D7A-2B6E-472C-87DB-0CED1822FAC3}.Release|x64.ActiveCfg = Release|x64
		{3ADB5D7A-2B6E-472C-87DB-0CED1822FAC3}.Release|x64.Build.0 = Release|x64
		{3ADB5D7A-2B6E-472C-87DB-0CED1822FAC3}.Release|x86.ActiveCfg = Release|Win32
		{3ADB5D7A-2B6E-472C-87DB-0CED1822FAC3}.Release|x86.Build.0 = Release|Win32
		{F62E6622-D450-4606-BDAF-3A95B74194B5}.Debug|x64.ActiveCfg = Debug|x64
		{F62E6622-D450-4606-BDAF-3A95B74194B5}.Debug|x64.Build.0 = Debug|x64
		{F62E6622-D450-4606-BDAF-3A95B74194B5}.Debug|x86.ActiveCfg = Debug|Win32
		{F62E6622-D450-4606-BDAF-3A95B74194B5}.Debug|x86.Build.0 = Debug|Win32
		{F62E6622-D450-4606-BDAF-3A95B74194B5}.Release|x64.ActiveCfg = Release|x64
		{F62E6622-D450-4606-BDAF-3A95B74194B5}.Release|x64.Build.0 = Release|x64
		{F62E6622-D450-4606-BDAF-3A95B74194B5}.Release|x86.ActiveCfg = Release|Win32
		{F62E6622-D450-4606-BDAF-3A95B74194B5}.Release|x86.Build.0 = Release|Win32
		{B519F539-A4F7-48F2-9D37-E9D2B4FB3F9E}.Debug|x64.ActiveCfg = Debug|x64
		{B519F539-A4F7-48F2-9D37-E9D2B4FB3F9E}.Debug|x64.Build.0 = Debug|x64
		{B519F539-A4F7-48F2-9D37-E9D2B4FB3F9E}.Debug|x86.ActiveCfg = Debug|Win32
		{B519F539-A4F7-48F2-9D37-E9D2B4FB3F9E}.Debug|x86.Build.0 = Debug|Win32
		{B519F539-A4F7-48F2-9D37-E9D2B4FB3F9E}.Release|x64.ActiveCfg = Release|x64
		{B519F539-A4F7-48F2-9D37-E9D2B4FB3F9E}.Release|x64.Build.0 = Release|x64
		{B519F539-A4F7-48F2-9D37-E9D2B4FB3F9E}.Release|x86.ActiveCfg = Release|Win32
		{B519F539-A4F7-48F2-9D37-E9D2B4FB3F9E}.Release|x86.Build.0 = Release|Win32
		{C1166BF3-6CD8-4959-B13F-0768CEA8501D}.Debug|x64.ActiveCfg = Debug|x64
		{C1166BF3-6CD8-4959-B13F-0768CEA8501D}.Debug|x64.Build.0 = Debug|x64
		{C1166BF3-6CD8-4959-B13F-0768CEA8501D}.Debug|x86.ActiveCfg = Debug|Win32
		{C1166BF3-6CD8-4959-B13F-0768CEA8501D}.Debug|x86.Build.0 = Debug|Win32
		{C1166BF3-6CD8-4959-B13F-0768CEA8501D}.Release|x64.ActiveCfg = Release|x64
		{C1166BF3-6CD8-4959-B13F-0768CEA8501D}.Release|x64.Build.0 = Release|x64
		{C1166BF3-6CD8-4959-B13F-0768CEA8501D}.Release|x86.ActiveCfg = Release|Win32
		{C1166BF3-6CD8-4959-B13F-0768CEA8501D}.Release|x86.Build.0 = Release|Win32
		{8779E1D2-C509-4BD9-BEF5-4C6F68F219E1}.Debug|x64.ActiveCfg = Debug|x64
		{8779E1D2-C509-4BD9-BEF5-4C6F68F219E1}.Debug|x64.Build.0 = Debug|x64
		{8779E1D2-C509-4BD9-BEF5-4C6F68F219E1}.Debug|x86.ActiveCfg = Debug|Win32
		{8779E1D2-C509-4BD9-BEF5-4C6F68F219E1}.Debug|x86.Build.0 = Debug|Win32
		{8779E1D2-C509-4BD9-BEF5-4C6F68F219E1}.Release|x64.ActiveCfg = Release|x64
		{8779E1D2-C509-4BD9-BEF5-4C6F68F219E1}.Release|x64.Build.0 = Release|x64
		{8779E1D2-C509-4BD9-BEF5-4C6F68F219E1}.Release|x86.ActiveCfg = Release|Win32
		{8779E1D2-C509-4BD9-BEF5-4C6F68F219E1}.Release|x86.Build.0 = Release|Win32
		{ADA389AE-4DC0-48D2-880E-4FA5C5A04BCC}.Debug|x64.ActiveCfg = Debug|x64
		{ADA389AE-4DC0-48D2-880E-4FA5C5A04BCC}.Debug|x64.Build.0 = Debug|x64
		{ADA389AE-4DC0-48D2-880E-4FA5C5A04BCC}.Debug|x86.ActiveCfg = Debug|Win32
		{ADA389AE-4DC0-48D2-880E-4FA5C5A04BCC}.Debug|x86.Build.0 = Debug|Win32
		{ADA389AE-4DC0-48D2-880E-4FA5C5A04BCC}.Release|x64.ActiveCfg = Release|x64
		{ADA389AE-4DC0-48D2-880E-4FA5C5A04BCC}.Release|x64.Build.0 = Release|x64
		{ADA389AE-4DC0-48D2-880E-4FA5C5A04BCC}.Release|x86.ActiveCfg = Release|Win32
		{ADA389AE-4DC0-48D2-880E-4FA5C5A04BCC}.Release|x86.Build.0 = Release|Win32
		{82E891D0-3064-47B2-9B5D-0494F6D791ED}.Debug|x64.ActiveCfg = Debug|x64
		{82E891D0-3064-47B2-9B5D-0494F6D791ED}.Debug|x64.Build.0 = Debug|x64
		{82E891D0-3064-47B2-9B5D-0494F6D791ED}.Debug|x86.ActiveCfg = Debug|Win32
		{82E891D0-3064-47B2-9B5D-0494F6D791ED}.Debug|x86.Build.0 = Debug|Win32
		{82E891D0-3064-47B2-9B5D-0494F6D791ED}.Release|x64.ActiveCfg = Release|x64
		{82E891D0-3064-47B2-9B5D-0494F6D791ED}.Release|x64.Build.0 = Release|x64
		{82E891D0-3064-47B2-9B5D-0494F6D791ED}.Release|x86.ActiveCfg = Release|Win32
		{82E891D0-3064-47B2-9B5D-0494F6D791ED}.Release|x86.Build.0 = Release|Win32
		{D5489F5F-D456-4975-89EA-881720F9B9A1}.Debug|x64.ActiveCfg = Debug|x64
		{D5489F5F-D456-4975-89EA-881720F9B9A1}.Debug|x64.Build.0 = Debug|x64
		{D5489F5F-D456-4975-89EA-881720F9B9A1}.Debug|x86.ActiveCfg = Debug|Win32
		{D5489F5F-D456-4975-89EA-881720F9B9A1}.Debug|x86.Build.0 = Debug|Win32
		{D5489F5F-D456-4975-89EA-881720F9B9A1}.Release|x64.ActiveCfg = Release|x64
		{D5489F5F-D456-4975-89EA-881720F9B9A1}.Release|x64.Build.0 = Release|x64
		{D5489F5F-D456-4975-89EA-881720F9B9A1}.Release|x86.ActiveCfg = Release|Win32
		{D5489F5F-D456-4975-89EA-881720F9B9A1}.Release|x86.Build.0 = Release|Win32
		{FCEA7C74-D3BA-4D00-85B5-89903D5EF9D5}.Debug|x64.ActiveCfg = Debug|x64
		{FCEA7C74-D3BA-4D00-85B5-89903D5EF9D5}.Debug|x64.Build.0 = Debug|x64
		{FCEA7C74-D3BA-4D00-85B5-89903D5EF9D5}.Debug|x86.ActiveCfg = Debug|Win32
		{FCEA7C74-D3BA-4D00-85B5-89903D5EF9D5}.Debug|x86.Build.0 = Debug|Win32
		{FCEA7C74-D3BA-4D00-85B5-89903D5EF9D5}.Release|x64.ActiveCfg = Release|x64
		{FCEA7C74-D3BA-4D00-85B5-89903D5EF9D5}.Release|x64.Build.0 = Release|x64
		{FCEA7C74-D3BA-4D00-85B5-89903D5EF9D5}.Release|x86.ActiveCfg = Release|Win32
		{FCEA7C74-D3BA-4D00-85B5-89903D5EF9D5}.Release|x86.Build.0 = Release|Win32
		{3AAE7010-C3C9-4E77-9E3A-D41CE6C733D2}.Debug|x64.ActiveCfg = Debug|x64
		{3AAE7010-C3C9-4E77-9E3A-D41CE6C733D2}.Debug|x64.Build.0 = Debug|x64
		{3AAE7010-C3C9-4E77-9E3A-D41CE6C733D2}.Debug|x86.ActiveCfg = Debug|Win32
		{3AAE7010-C3C9-4E77-9E3A-D41CE6C733D2}.Debug|x86.Build.0 = Debug|Win32
		{3AAE7010-C3C9-4E77-9E3A-D41CE6C733D2}.Release|x64.ActiveCfg = Release|x64
		{3AAE7010-C3C9-4E77-9E3A-D41CE6C733D2}.Release|x64.Build.0 = Release|x64
		{3AAE7010-C3C9-4E77-9E3A-D41CE6C733D2}.Release|x86.ActiveCfg = Release|Win32
		{3AAE7010-C3C9-4E77-9E3A-D41CE6C733D2}.Release|x86.Build.0 = Release|Win32
		{F8D9CA9B-4E1B-4367-A41A-4691B7C6AC8A}.Debug|x64.ActiveCfg = Debug|x64
		{F8D9CA9B-4E1B-4367-A41A-4691B7C6AC8A}.Debug|x64.Build.0 = Debug|x64
		{F8D9CA9B-4E1B-4367-A41A-4691B7C6AC8A}.Debug|x86.ActiveCfg = Debug|Win32
		{F8D9CA9B-4E1B-4367-A41A-4691B7C6AC8A}.Debug|x86.Build.0 = Debug|Win32
		{F8D9CA9B-4E1B-4367-A41A-4691B7C6AC8A}.Release|x64.ActiveCfg = Release|x64
		{F8D9CA9B-4E1B-4367-A41A-4691B7C6AC8A}.Release|x64.Build.0 = Release|x64
		{F8D9CA9B-4E1B-4367-A41A-4691B7C6AC8A}.Release|x86.ActiveCfg = Release|Win32
		{F8D9CA9B-4E1B-4367-A41A-4691B7C6AC8A}.Release|x86.Build.0 = Release|Win32
		{4D0A4C60-79F0-4900-BC74-D055D7E00317}.Debug|x64.ActiveCfg = Debug|x64
		{4D0A4C60-79F0-4900-BC74-D055D7E00317}.Debug|x64.Build.0 = Debug|x64
		{4D0A4C60-79F0-4900-BC74-D055D7E00317}.Debug|x86.ActiveCfg = Debug|Win32
		{4D0A4C60-79F0-4900-BC74-D055D7E00317}.Debug|x86.Build.0 = Debug|Win32
		{4D0A4C60-79F0-4900-BC74-D055D7E00317}.Release|x64.ActiveCfg = Release|x64
		{4D0A4C60-79F0-4900-BC74-D055D7E00317}.Release|x64.Build.0 = Release|x64
		{4D0A4C60-79F0-4900-BC74-D055D7E00317}.Release|x86.ActiveCfg = Release|Win32
		{4D0A4C60-79F0-4900-BC74-D055D7E00317}.Release|x86.Build.0 = Release|Win32
		{6FFA10D5-95EB-4666-AF19-3AE31B08C3F3}.Debug|x64.ActiveCfg = Debug|x64
		{6FFA10D5-95EB-4666-AF19-3AE31B08C3F3}.Debug|x64.Build.0 = Debug|x64
		{6FFA10D5-95EB-4666-AF19-3AE31B08C3F3}.Debug|x86.ActiveCfg = Debug|Win32
		{6FFA10D5-95EB-4666-AF19-3AE31B08C3F3}.Debug|x86.Build.0 = Debug|Win32
		{6FFA10D5-95EB-4666-AF19-3AE31B08C3F3}.Release|x64.ActiveCfg = Release|x64
		{6FFA10D5-95EB-4666-AF19-3AE31B08C3F3}.Release|x64.Build.0 = Release|x64
		{6FFA10D5-95EB-4666-AF19-3AE31B08C3F3}.Release|x86.ActiveCfg = Release|Win32
		{6FFA10D5-95EB-4666-AF19-3AE31B08C3F3}.Release|x86.Build.0 = Release|Win32
		{F13AC833-8046-40E3-9C85-78F99571610C}.Debug|x64.ActiveCfg = Debug|x64
		{F13AC833-8046-40E3-9C85-78F99571610C}.Debug|x64.Build.0 = Debug|x64
		{F13AC833-8046-40E3-9C85-78F99571610C}.Debug|x86.ActiveCfg = Debug|Win32
		{F13AC833-8046-40E3-9C85-78F99571610C}.Debug|x86.Build.0 = Debug|Win32
		{F13AC833-8046-40E3-9C85-78F99571610C}.Release|x64.ActiveCfg = Release|x64
		{F13AC833-8046-40E3-9C85-78F99571610C}.Release|x64.Build.0 = Release|x64
		{F13AC833-8046-40E3-9C85-78F99571610C}.Release|x86.ActiveCfg = Release|Win32
		{F13AC833-8046-40E3-9C85-78F99571610C}.Release|x86.Build.0 = Release|Win32
		{0A38151A-0FD2-43FF-B623-F1A4321D4634}.Debug|x64.ActiveCfg = Debug|x64
		{0A38151A-0FD2-43FF-B623-F1A4321D4634}.Debug|x64.Build.0 = Debug|x64
		{0A38151A-0FD2-43FF-B623-F1A4321D4634}.Debug|x86.ActiveCfg = Debug|Win32
		{0A38151A-0FD2-43FF-B623-F1A4321D4634}.Debug|x86.Build.0 = Debug|Win32
		{0A38151A-0FD2-43FF-B623-F1A4321D4634}.Release|x64.ActiveCfg = Release|x64
		{0A38151A-0FD2-43FF-B623-F1A4321D4634}.Release|x64.Build.0 = Release|x64
		{0A38151A-0FD2-43FF-B623-F1A4321D4634}.Release|x86.ActiveCfg = Release|Win32
		{0A38151A-0FD2-43FF-B623-F1A4321D4634}.Release|x86.Build.0 = Release|Win32
		{20F39D75-4459-4467-81FD-1BAED4D547EA}.Debug|x64.ActiveCfg = Debug|x64
		{20F39D75-4459-4467-81FD-1BAED4D547EA}.Debug|x64.Build.0 = Debug|x64
		{20F39D75-4459-4467-81FD-1BAED4D547EA}.Debug|x86.ActiveCfg = Debug|Win32
		{20F39D75-4459-4467-81FD-1BAED4D547EA}.Debug|x86.Build.0 = Debug|Win32
		{20F39D75-4459-4467-81FD-1BAED4D547EA}.Release|x64.ActiveCfg = Release|x64
		{20F39D75-4459-4467-81FD-1BAED4D547EA}.Release|x64.Build.0 = Release|x64
		{20F39D75-4459-4467-81FD-1BAED4D547EA}.Release|x86.ActiveCfg = Release|Win32
		{20F39D75-4459-4467-81FD-1BAED4D547EA}.Release|x86.Build.0 = Release|Win32
		{157E9736-7D98-4182-B8B6-91683A1BE4F7}.Debug|x64.ActiveCfg = Debug|x64
		{157E9736-7D98-4182-B8B6-91683A1BE4F7}.Debug|x64.Build.0 = Debug|x64
		{157E9736-7D98-4182-B8B6-91683A1BE4F7}.Debug|x86.ActiveCfg = Debug|Win32
		{157E9736-7D98-4182-B8B6-91683A1BE4F7}.Debug|x86.Build.0 = Debug|Win32
		{157E9736-7D98-4182-B8B6-91683A1BE4F7}.Release|x64.ActiveCfg = Release|x64
		{157E9736-7D98-4182-B8B6-91683A1BE4F7}.Release|x64.Build.0 = Release|x64
		{157E9736-7D98-4182-B8B6-91683A1BE4F7}.Release|x86.ActiveCfg = Release|Win32
		{157E9736-7D98-4182-B8B6-91683A1BE4F7}.Release|x86.Build.0 = Release|Win32
		{5D5EA736-33C9-4DEA-95F7-757811D240D4}.Debug|x64.ActiveCfg = Debug|x64
		{5D5EA736-33C9-4DEA-95F7-757811D240D4}.Debug|x64.Build.0 = Debug|x64
		{5D5EA736-33C9-4DEA-95F7-757811D240D4}.Debug|x86.ActiveCfg = Debug|Win32
		{5D5EA736-33C9-4DEA-95F7-757811D240D4}.Debug|x86.Build.0 = Debug|Win32
		{5D5EA736-33C9-4DEA-95F7-757811D240D4}.Release|x64.ActiveCfg = Release|x64
		{5D5EA736-33C9-4DEA-95F7-757811D240D4}.Release|x64.Build.0 = Release|x64
		{5D5EA736-33C9-4DEA-95F7-757811D240D4}.Release|x86.ActiveCfg = Release|Win32
		{5D5EA736-33C9-4DEA-95F7-757811D240D4}.Release|x86.Build.0 = Release|Win32
		{03A16B38-9DBA-4C31-B39A-871BDA6EBE90}.Debug|x64.ActiveCfg = Debug|x64
		{03A16B38-9DBA-4C31-B39A-871BDA6EBE90}.Debug|x64.Build.0 = Debug|x64
		{03A16B38-9DBA-4C31-B39A-871BDA6EBE90}.Debug|x86.ActiveCfg = Debug|Win32
		{03A16B38-9DBA-4C31-B39A-871BDA6EBE90}.Debug|x86.Build.0 = Debug|Win32
		{03A16B38-9DBA-4C31-B39A-871BDA6EBE90}.Release|x64.ActiveCfg = Release|x64
		{03A16B38-9DBA-4C31-B39A-871BDA6EBE90}.Release|x64.Build.0 = Release|x64
		{03A16B38-9DBA-4C31-B39A-871BDA6EBE90}.Release|x86.ActiveCfg = Release|Win32
		{03A16B38-9DBA-4C31-B39A-871BDA6EBE90}.Release|x86.Build.0 = Release|Win32
		{D4D8F96F-0F1C-49E3-A408-278178101105}.Debug|x64.ActiveCfg = Debug|x64
		{D4D8F96F-0F1C-49E3-A408-278178101105}.Debug|x64.Build.0 = Debug|x64
		{D4D8F96F-0F1C-49E3-A408-278178101105}.Debug|x86.ActiveCfg = Debug|Win32
		{D4D8F96F-0F1C-49E3-A408-278178101105}.Debug|x86.Build.0 = Debug|Win32
		{D4D8F96F-0F1C-49E3-A408-278178101105}.Release|x64.ActiveCfg = Release|x64
		{D4D8F96F-0F1C-49E3-A408-278178101105}.Release|x64.Build.0 = Release|x64
		{D4D8F96F-0F1C-49E3-A408-278178101105}.Release|x86.ActiveCfg = Release|Win32
		{D4D8F96F-0F1C-49E3-A408-278178101105}.Release|x86.Build.0 = Release|Win32
		{FBF9080F-AE8A-4D11-A985-F167F5E6E1D2}.Debug|x64.ActiveCfg = Debug|x64
		{FBF9080F-AE8A-4D11-A985-F167F5E6E1D2}.Debug|x64.Build.0 = Debug|x64
		{FBF9080F-AE8A-4D11-A985-F167F5E6E1D2}.Debug|x86.ActiveCfg = Debug|Win32
		{FBF9080F-AE8A-4D11-A985-F167F5E6E1D2}.Debug|x86.Build.0 = Debug|Win32
		{FBF9080F-AE8A-4D11-A985-F167F5E6E1D2}.Release|x64.ActiveCfg = Release|x64
		{FBF9080F-AE8A-4D11-A985-F167F5E6E1D2}.Release|x64.Build.0 = Release|x64
		{FBF9080F-AE8A-4D11-A985-F167F5E6E1D2}.Release|x86.ActiveCfg = Release|Win32
		{FBF9080F-AE8A-4D11-A985-F167F5E6E1D2}.Release|x86.Build.0 = Release|Win32
		{8DB5FABC-96BC-41B3-ADC7-A4C10218A41E}.Debug|x64.ActiveCfg = Debug|x64
		{8DB5FABC-96BC-41B3-ADC7-A4C10218A41E}.Debug|x64.Build.0 = Debug|x64
		{8DB5FABC-96BC-41B3-ADC7-A4C10218A41E}.Debug|x86.ActiveCfg = Debug|Win32
		{8DB5FABC-96BC-41B3-ADC7-A4C10218A41E}.Debug|x86.Build.0 = Debug|Win32
		{8DB5FABC-96BC-41B3-ADC7-A4C10218A41E}.Release|x64.ActiveCfg = Release|x64
		{8DB5FABC-96BC-41B3-ADC7-A4C10218A41E}.Release|x64.Build.0 = Release|x64
		{8DB5FABC-96BC-41B3-ADC7-A4C10218A41E}.Release|x86.ActiveCfg = Release|Win32
		{8DB5FABC-96BC-41B3-ADC7-A4C10218A41E}.Release|x86.Build.0 = Release|Win32
		{885FC50E-2DE2-4AE6-8231-AF32E2DFCFEE}.Debug|x64.ActiveCfg = Debug|x64
		{885FC50E-2DE2-4AE6-8231-AF32E2DFCFEE}.Debug|x64.Build.0 = Debug|x64
		{885FC50E-2DE2-4AE6-8231-AF32E2DFCFEE}.Debug|x86.ActiveCfg = Debug|Win32
		{885FC50E-2DE2-4AE6-8231-AF32E2DFCFEE}.Debug|x86.Build.0 = Debug|Win32
		{885FC50E-2DE2-4AE6-8231-AF32E2DFCFEE}.Release|x64.ActiveCfg = Release|x64
		{885FC50E-2DE2-4AE6-8231-AF32E2DFCFEE}.Release|x64.Build.0 = Release|x64
		{885FC50E-2DE2-4AE6-8231-AF32E2DFCFEE}.Release|x86.ActiveCfg = Release|Win32
		{885FC50E-2DE2-4AE6-8231-AF32E2DFCFEE}.Release|x86.Build.0 = Release|Win32
		{C9C1B56A-9A64-44BB-BFEE-DA7ECDAACA47}.Debug|x64.ActiveCfg = Debug|x64
		{C9C1B56A-9A64-44BB-BFEE-DA7ECDAACA47}.Debug|x64.Build.0 = Debug|x64
		{C9C1B56A-9A64-44BB-BFEE-DA7ECDAACA47}.Debug|x86.ActiveCfg = Debug|Win32
		{C9C1B56A-9A64-44BB-BFEE-DA7ECDAACA47}.Debug|x86.Build.0 = Debug|Win32
		{C9C1B56A-9A64-44BB-BFEE-DA7ECDAACA47}.Release|x64.ActiveCfg = Release|x64
		{C9C1B56A-9A64-44BB-BFEE-DA7ECDAACA47}.Release|x64.Build.0 = Release|x64
		{C9C1B56A-9A64-44BB-BFEE-DA7ECDAACA47}.Release|x86.ActiveCfg = Release|Win32
		{C9C1B56A-9A64-44BB-BFEE-DA7ECDAACA47}.Release|x86.Build.0 = Release|Win32
		{3720B8BF-CE87-4B6A-AFC0-DE1A194E8C86}.Debug|x64.ActiveCfg = Debug|x64
		{3720B8BF-CE87-4B6A-AFC0-DE1A194E8C86}.Debug|x64.Build.0 = Debug|x64
		{3720B8BF-CE87-4B6A-AFC0-DE1A194E8C86}.Debug|x86.ActiveCfg = Debug|Win32
		{3720B8BF-CE87-4B6A-AFC0-DE1A194E8C86}.Debug|x86.Build.0 = Debug|Win32
		{3720B8BF-CE87-4B6A-AFC0-DE1A194E8C86}.Release|x64.ActiveCfg = Release|x64
		{3720B8BF-CE87-4B6A-AFC0-DE1A194E8C86}.Release|x64.Build.0 = Release|x64
		{3720B8BF-CE87-4B6A-AFC0-DE1A194E8C86}.Release|x86.ActiveCfg = Release|Win32
		{3720B8BF-CE87-4B6A-AFC0-DE1A194E8C86}.Release|x86.Build.0 = Release|Win32
		{CFFAA576-D07D-4099-9B84-DF531F56645F}.Debug|x64.ActiveCfg = Debug|x64
		{CFFAA576-D07D-4099-9B84-DF531F56645F}.Debug|x64.Build.0 = Debug|x64
		{CFFAA576-D07D-4099-9B84-DF531F56645F}.Debug|x86.ActiveCfg = Debug|Win32
		{CFFAA576-D07D-4099-9B84-DF531F56645F}.Debug|x86.Build.0 = Debug|Win32
		{CFFAA576-D07D-4099-9B84-DF531F56645F}.Release|x64.ActiveCfg = Release|x64
		{CFFAA576-D07D-4099-9B84-DF531F56645F}.Release|x64.Build.0 = Release|x64
		{CFFAA576-D07D-4099-9B84-DF531F56645F}.Release|x86.ActiveCfg = Release|Win32
		{CFFAA576-D07D-4099-9B84-DF531F56645F}.Release|x86.Build.0 = Release|Win32
		{F72AB5B9-DE9F-47BA-8043-1323F9A8F136}.Debug|x64.ActiveCfg = Debug|x64
		{F72AB5B9-DE9F-47BA-8043-1323F9A8F136}.Debug|x64.Build.0 = Debug|x64
		{F72AB5B9-DE9F-47BA-8043-1323F9A8F136}.Debug|x86.ActiveCfg = Debug|Win32
		{F72AB5B9-DE9F-47BA-8043-1323F9A8F136}.Debug|x86.Build.0 = Debug|Win32
		{F72AB5B9-DE9F-47BA-8043-1323F9A8F136}.Release|x64.ActiveCfg = Release|x64
		{F72AB5B9-DE9F-47BA-8043-1323F9A8F136}.Release|x64.Build.0 = Release|x64
		{F72AB5B9-DE9F-47BA-8043-1323F9A8F136}.Release|x86.ActiveCfg = Release|Win32
		{F72AB5B9-DE9F-47BA-8043-1323F9A8F136}.Release|x86.Build.0 = Release|Win32
		{D3D27B9D-96D4-4F7B-8258-2B143D646391}.Debug|x64.ActiveCfg = Debug|x64
		{D3D27B9D-96D4-4F7B-8258-2B143D646391}.Debug|x64.Build.0 = Debug|x64
		{D3D27B9D-96D4-4F7B-8258-2B143D646391}.Debug|x86.ActiveCfg = Debug|Win32
		{D3D27B9D-96D4-4F7B-8258-2B143D646391}.Debug|x86.Build.0 = Debug|Win32
		{D3D27B9D-96D4-4F7B-8258-2B143D646391}.Release|x64.ActiveCfg = Release|x64
		{D3D27B9D-96D4-4F7B-8258-2B143D646391}.Release|x64.Build.0 = Release|x64
		{D3D27B9D-96D4-4F7B-8258-2B143D646391}.Release|x86.ActiveCfg = Release|Win32
		{D3D27B9D-96D4-4F7B-8258-2B143D646391}.Release|x86.Build.0 = Release|Win32
		{6C679E53-82B6-4AB7-9B66-4C1858636492}.Debug|x64.ActiveCfg = Debug|x64
		{6C679E53-82B6-4AB7-9B66-4C1858636492}.Debug|x64.Build.0 = Debug|x64
		{6C679E53-82B6-4AB7-9B66-4C1858636492}.Debug|x86.ActiveCfg = Debug|Win32
		{6C679E53-82B6-4AB7-9B66-4C1858636492}.Debug|x86.Build.0 = Debug|Win32
		{6C679E53-82B6-4AB7-9B66-4C1858636492}.Release|x64.ActiveCfg = Release|x64
		{6C679E53-82B6-4AB7-9B66-4C1858636492}.Release|x64.Build.0 = Release|x64
		{6C679E53-82B6-4AB7-9B66-4C1858636492}.Release|x86.ActiveCfg = Release|Win32
		{6C679E53-82B6-4AB7-9B66-4C1858636492}.Release|x86.Build.0 = Release|Win32
		{C7877E77-5245-429E-B31A-F87D0F72A301}.Debug|x64.ActiveCfg = Debug|x64
		{C7877E77-5245-429E-B31A-F87D0F72A301}.Debug|x64.Build.0 = Debug|x64
		{C7877E77-5245-429E-B31A-F87D0F72A301}.Debug|x86.ActiveCfg = Debug|Win32
		{C7877E77-5245-429E-B31A-F87D0F72A301}.Debug|x86.Build.0 = Debug|Win32
		{C7877E77-5245-429E-B31A-F87D0F72A301}.Release|x64.ActiveCfg = Release|x64
		{C7877E77-5245-429E-B31A-F87D0F72A301}.Release|x64.Build.0 = Release|x64
		{C7877E77-5245-429E-B31A-F87D0F72A301}.Release|x86.ActiveCfg = Release|Win32
		{C7877E77-5245-429E-B31A-F87D0F72A301}.Release|x86.Build.0 = Release|Win32
		{E7C3CE49-2EE9-4042-8CA6-E04BF7CCEC4B}.Debug|x64.ActiveCfg = Debug|x64
		{E7C3CE49-2EE9-4042-8CA6-E04BF7CCEC4B}.Debug|x64.Build.0 = Debug|x64
		{E7C3CE49-2EE9-4042-8CA6-E04BF7CCEC4B}.Debug|x86.ActiveCfg = Debug|Win32
		{E7C3CE49-2EE9-4042-8CA6-E04BF7CCEC4B}.Debug|x86.Build.0 = Debug|Win32
		{E7C3CE49-2EE9-4042-8CA6-E04BF7CCEC4B}.Release|x64.ActiveCfg = Release|x64
		{E7C3CE49-2EE9-4042-8CA6-E04BF7CCEC4B}.Release|x64.Build.0 = Release|x64
		{E7C3CE49-2EE9-4042-8CA6-E04BF7CCEC4B}.Release|x86.ActiveCfg = Release|Win32
		{E7C3CE49-2EE9-4042-8CA6-E04BF7CCEC4B}.Release|x86.Build.0 = Release|Win32
		{2A632729-A788-4864-9BA3-098805A3CB79}.Debug|x64.ActiveCfg = Debug|x64
		{2A632729-A788-4864-9BA3-098805A3CB79}.Debug|x64.Build.0 = Debug|x64
		{2A632729-A788-4864-9BA3-098805A3CB79}.Debug|x86.ActiveCfg = Debug|Win32
		{2A632729-A788-4864-9BA3-098805A3CB79}.Debug|x86.Build.0 = Debug|Win32
		{2A632729-A788-4864-9BA3-098805A3CB79}.Release|x64.ActiveCfg = Release|x64
		{2A632729-A788-4864-9BA3-098805A3CB79}.Release|x64.Build.0 = Release|x64
		{2A632729-A788-4864-9BA3-098805A3CB79}.Release|x86.ActiveCfg = Release|Win32
		{2A632729-A788-4864-9BA3-098805A3CB79}.Release|x86.Build.0 = Release|Win32
	EndGlobalSection
	GlobalSection(SolutionProperties) = preSolution
		HideSolutionNode = FALSE
	EndGlobalSection
	GlobalSection(NestedProjects) = preSolution
		{F1C79C0C-F95C-4C1A-B06E-53D5D6182B98} = {241459B0-2B14-454C-8595-261C328B6A11}
		{F848C641-7C83-433F-A715-AD32FC70FCB7} = {241459B0-2B14-454C-8595-261C328B6A11}
		{B1D9AAF9-E224-4D5F-A388-E917BCA1A39E} = {241459B0-2B14-454C-8595-261C328B6A11}
		{372EEE1B-601E-4B0A-9C0B-273ED505B74E} = {241459B0-2B14-454C-8595-261C328B6A11}
		{E58A2EBE-98B2-4989-8830-C4495986BE08} = {8A6D2B46-9A90-421A-9871-14D1B53FD0E4}
		{94B30625-5FE0-4356-A6C9-A1D3366ABECF} = {8A6D2B46-9A90-421A-9871-14D1B53FD0E4}
		{68657266-9855-40DD-8D5D-FE00247EEDEC} = {8A6D2B46-9A90-421A-9871-14D1B53FD0E4}
		{A59586F5-D572-40A6-863F-BA2369C1576A} = {8A6D2B46-9A90-421A-9871-14D1B53FD0E4}
		{A1BC52A8-85EA-4BAA-A2CD-A585E7850D05} = {E5491F02-28BA-41EB-B62B-CE1D710836F1}
		{F0596BBD-CEFC-4D04-8B08-E39B9195BA92} = {E5491F02-28BA-41EB-B62B-CE1D710836F1}
		{EEBDD7B4-C329-4603-B299-9CC07660D594} = {E5491F02-28BA-41EB-B62B-CE1D710836F1}
		{E16CA821-9BD9-43A1-B5F8-587807FAB6B1} = {E5491F02-28BA-41EB-B62B-CE1D710836F1}
		{78AE7476-6DB0-4B32-AD36-84B229AF3F8B} = {E5491F02-28BA-41EB-B62B-CE1D710836F1}
		{77EF47B5-2E35-4B7B-877C-9A5FAD7B944F} = {E5491F02-28BA-41EB-B62B-CE1D710836F1}
		{E7B94B2D-E485-4B7E-A7C8-906ADEF8284E} = {E5491F02-28BA-41EB-B62B-CE1D710836F1}
		{633012DB-0484-43E0-A132-15BBE486CD64} = {9B877A55-E7EA-485C-8DCD-88F5A31FB71D}
		{164090DF-D3C5-4B3C-A5BD-16670BA8184D} = {9B877A55-E7EA-485C-8DCD-88F5A31FB71D}
		{49BCCF24-6409-476F-99C1-035400E4DC63} = {9B877A55-E7EA-485C-8DCD-88F5A31FB71D}
		{28CBD6EC-0ED3-4D38-AA5B-3F7623581BBF} = {9B877A55-E7EA-485C-8DCD-88F5A31FB71D}
		{7F498415-93C1-48A5-8156-0571919ECE56} = {D4D0FAAF-6ED9-4F86-8C2C-6101996DA94B}
		{381B72B4-5612-47AB-82AE-9239ED96FED7} = {D4D0FAAF-6ED9-4F86-8C2C-6101996DA94B}
		{8C366CA1-4D8A-4935-A296-365CFDA553C8} = {D4D0FAAF-6ED9-4F86-8C2C-6101996DA94B}
		{3200163F-1E47-4BE6-8A60-97315CF66168} = {D4D0FAAF-6ED9-4F86-8C2C-6101996DA94B}
		{BC7BAA83-D7E4-49C1-AFDC-CB62088B0B26} = {D4D0FAAF-6ED9-4F86-8C2C-6101996DA94B}
		{F152F51B-A0D5-46A4-926E-838FBD14F127} = {D4D0FAAF-6ED9-4F86-8C2C-6101996DA94B}
		{601FCE44-BE09-4514-AFD2-5D9601DE1714} = {D4D0FAAF-6ED9-4F86-8C2C-6101996DA94B}
		{A3124FA5-846C-4EAF-BEDC-62F832CABC5F} = {0E3C3452-928F-4272-BD5C-98E52F3BDFCA}
		{5643D14B-0C20-4A0B-9086-5791B5694FE0} = {0E3C3452-928F-4272-BD5C-98E52F3BDFCA}
		{3ADB5D7A-2B6E-472C-87DB-0CED1822FAC3} = {0E3C3452-928F-4272-BD5C-98E52F3BDFCA}
		{F62E6622-D450-4606-BDAF-3A95B74194B5} = {0E3C3452-928F-4272-BD5C-98E52F3BDFCA}
		{B519F539-A4F7-48F2-9D37-E9D2B4FB3F9E} = {0E3C3452-928F-4272-BD5C-98E52F3BDFCA}
		{C1166BF3-6CD8-4959-B13F-0768CEA8501D} = {3B31D0C0-9828-4909-ABB7-60316C71A5EC}
		{8779E1D2-C509-4BD9-BEF5-4C6F68F219E1} = {3B31D0C0-9828-4909-ABB7-60316C71A5EC}
		{ADA389AE-4DC0-48D2-880E-4FA5C5A04BCC} = {3B31D0C0-9828-4909-ABB7-60316C71A5EC}
		{82E891D0-3064-47B2-9B5D-0494F6D791ED} = {3B31D0C0-9828-4909-ABB7-60316C71A5EC}
		{D5489F5F-D456-4975-89EA-881720F9B9A1} = {3B31D0C0-9828-4909-ABB7-60316C71A5EC}
		{FCEA7C74-D3BA-4D00-85B5-89903D5EF9D5} = {DA082430-0207-41E7-9886-EA0839D788C5}
		{3AAE7010-C3C9-4E77-9E3A-D41CE6C733D2} = {DA082430-0207-41E7-9886-EA0839D788C5}
		{F8D9CA9B-4E1B-4367-A41A-4691B7C6AC8A} = {DA082430-0207-41E7-9886-EA0839D788C5}
		{4D0A4C60-79F0-4900-BC74-D055D7E00317} = {DA082430-0207-41E7-9886-EA0839D788C5}
		{6FFA10D5-95EB-4666-AF19-3AE31B08C3F3} = {DA082430-0207-41E7-9886-EA0839D788C5}
		{F13AC833-8046-40E3-9C85-78F99571610C} = {DA082430-0207-41E7-9886-EA0839D788C5}
		{0A38151A-0FD2-43FF-B623-F1A4321D4634} = {DA082430-0207-41E7-9886-EA0839D788C5}
		{20F39D75-4459-4467-81FD-1BAED4D547EA} = {DA082430-0207-41E7-9886-EA0839D788C5}
		{157E9736-7D98-4182-B8B6-91683A1BE4F7} = {A1006BE2-B234-4A54-B902-A1B60E71E567}
		{5D5EA736-33C9-4DEA-95F7-757811D240D4} = {A1006BE2-B234-4A54-B902-A1B60E71E567}
		{03A16B38-9DBA-4C31-B39A-871BDA6EBE90} = {A1006BE2-B234-4A54-B902-A1B60E71E567}
		{D4D8F96F-0F1C-49E3-A408-278178101105} = {A1006BE2-B234-4A54-B902-A1B60E71E567}
		{FBF9080F-AE8A-4D11-A985-F167F5E6E1D2} = {A1006BE2-B234-4A54-B902-A1B60E71E567}
		{8DB5FABC-96BC-41B3-ADC7-A4C10218A41E} = {A1006BE2-B234-4A54-B902-A1B60E71E567}
		{885FC50E-2DE2-4AE6-8231-AF32E2DFCFEE} = {A1006BE2-B234-4A54-B902-A1B60E71E567}
		{C9C1B56A-9A64-44BB-BFEE-DA7ECDAACA47} = {A1006BE2-B234-4A54-B902-A1B60E71E567}
		{3720B8BF-CE87-4B6A-AFC0-DE1A194E8C86} = {8A39D9EB-F5B5-4773-B67B-1A3EDA6D2A07}
		{CFFAA576-D07D-4099-9B84-DF531F56645F} = {8A39D9EB-F5B5-4773-B67B-1A3EDA6D2A07}
		{F72AB5B9-DE9F-47BA-8043-1323F9A8F136} = {8A39D9EB-F5B5-4773-B67B-1A3EDA6D2A07}
		{D3D27B9D-96D4-4F7B-8258-2B143D646391} = {8A39D9EB-F5B5-4773-B67B-1A3EDA6D2A07}
		{6C679E53-82B6-4AB7-9B66-4C1858636492} = {8A39D9EB-F5B5-4773-B67B-1A3EDA6D2A07}
		{C7877E77-5245-429E-B31A-F87D0F72A301} = {8A39D9EB-F5B5-4773-B67B-1A3EDA6D2A07}
		{E7C3CE49-2EE9-4042-8CA6-E04BF7CCEC4B} = {8A39D9EB-F5B5-4773-B67B-1A3EDA6D2A07}
		{2A632729-A788-4864-9BA3-098805A3CB79} = {8A39D9EB-F5B5-4773-B67B-1A3EDA6D2A07}
	EndGlobalSection
	GlobalSection(ExtensibilityGlobals) = postSolution
		SolutionGuid = {4DB430BE-2B33-4C04-A282-457D8630FA66}
	EndGlobalSection
EndGlobal
