
Microsoft Visual Studio Solution File, Format Version 12.00
# Visual Studio Version 17
VisualStudioVersion = 17.0.32112.339
MinimumVisualStudioVersion = 10.0.40219.1
Project("{8BC9CEB8-8B4A-11D0-8D11-00A0C91BC942}") = "0119_CPPOperators", "0119_CPPOperators\0119_CPPOperators.vcxproj", "{F1C79C0C-F95C-4C1A-B06E-53D5D6182B98}"
EndProject
Project("{2150E333-8FDC-42A3-9474-1A3956D46DE8}") = "0119", "0119", "{241459B0-2B14-454C-8595-261C328B6A11}"
EndProject
Project("{8BC9CEB8-8B4A-11D0-8D11-00A0C91BC942}") = "0118_HelloWorld", "0119_HelloWorld\HelloWorld.vcxproj", "{F848C641-7C83-433F-A715-AD32FC70FCB7}"
EndProject
Project("{8BC9CEB8-8B4A-11D0-8D11-00A0C91BC942}") = "0119_Modifier", "0119_Modifier\Modifier.vcxproj", "{B1D9AAF9-E224-4D5F-A388-E917BCA1A39E}"
EndProject
Project("{8BC9CEB8-8B4A-11D0-8D11-00A0C91BC942}") = "0119_VariablesExam", "0119_Variables_exam\Variables_exam_0119.vcxproj", "{372EEE1B-601E-4B0A-9C0B-273ED505B74E}"
EndProject
Project("{2150E333-8FDC-42A3-9474-1A3956D46DE8}") = "0120", "0120", "{8A6D2B46-9A90-421A-9871-14D1B53FD0E4}"
EndProject
Project("{8BC9CEB8-8B4A-11D0-8D11-00A0C91BC942}") = "0120_CIOExample", "0120_CIOExample\CIOExample.vcxproj", "{E58A2EBE-98B2-4989-8830-C4495986BE08}"
EndProject
Project("{8BC9CEB8-8B4A-11D0-8D11-00A0C91BC942}") = "0120_CPPConditionExam", "0120_CPPConditionExam\CPPConditionExam.vcxproj", "{94B30625-5FE0-4356-A6C9-A1D3366ABECF}"
EndProject
Project("{8BC9CEB8-8B4A-11D0-8D11-00A0C91BC942}") = "0120_CPPIOExample", "0120_CPPIOExample\CPPIOExample.vcxproj", "{68657266-9855-40DD-8D5D-FE00247EEDEC}"
EndProject
Project("{8BC9CEB8-8B4A-11D0-8D11-00A0C91BC942}") = "0120_CPPStringExample", "0120_CPPStringExample\CPPStringExample.vcxproj", "{A59586F5-D572-40A6-863F-BA2369C1576A}"
EndProject
Project("{2150E333-8FDC-42A3-9474-1A3956D46DE8}") = "0121", "0121", "{E5491F02-28BA-41EB-B62B-CE1D710836F1}"
EndProject
Project("{8BC9CEB8-8B4A-11D0-8D11-00A0C91BC942}") = "0121_ArrayExam", "0121_ArrayExam\ArrayExam\ArrayExam.vcxproj", "{A1BC52A8-85EA-4BAA-A2CD-A585E7850D05}"
EndProject
Project("{8BC9CEB8-8B4A-11D0-8D11-00A0C91BC942}") = "0121_ArrPointerExample", "0121_ArrPointerExample\ArrPointerExample.vcxproj", "{F0596BBD-CEFC-4D04-8B08-E39B9195BA92}"
EndProject
Project("{8BC9CEB8-8B4A-11D0-8D11-00A0C91BC942}") = "0121_BreakContinue", "0121_BreakContinue\BreakContinue\BreakContinue.vcxproj", "{EEBDD7B4-C329-4603-B299-9CC07660D594}"
EndProject
Project("{8BC9CEB8-8B4A-11D0-8D11-00A0C91BC942}") = "0121_CPPLoopExample", "0121_CPPLoopExample\CPPLoopExample.vcxproj", "{E16CA821-9BD9-43A1-B5F8-587807FAB6B1}"
EndProject
Project("{8BC9CEB8-8B4A-11D0-8D11-00A0C91BC942}") = "0121_PointerExample", "0121_PointerExample\PointerExample.vcxproj", "{78AE7476-6DB0-4B32-AD36-84B229AF3F8B}"
EndProject
Project("{8BC9CEB8-8B4A-11D0-8D11-00A0C91BC942}") = "0121_RefExample", "0121_RefExample\RefExample.vcxproj", "{77EF47B5-2E35-4B7B-877C-9A5FAD7B944F}"
EndProject
Project("{8BC9CEB8-8B4A-11D0-8D11-00A0C91BC942}") = "0121_strLiteralExample", "0121_strLiteralExample\strLiteralExample.vcxproj", "{E7B94B2D-E485-4B7E-A7C8-906ADEF8284E}"
EndProject
Project("{2150E333-8FDC-42A3-9474-1A3956D46DE8}") = "0124", "0124", "{9B877A55-E7EA-485C-8DCD-88F5A31FB71D}"
EndProject
Project("{8BC9CEB8-8B4A-11D0-8D11-00A0C91BC942}") = "0124_CPPDynamicExam", "0124_CPPDynamicExam\CPPDynamicExam.vcxproj", "{633012DB-0484-43E0-A132-15BBE486CD64}"
EndProject
Project("{8BC9CEB8-8B4A-11D0-8D11-00A0C91BC942}") = "0124_dynamicMemExample", "0124_dynamicMemExample\dynamicMemExample.vcxproj", "{164090DF-D3C5-4B3C-A5BD-16670BA8184D}"
EndProject
Project("{8BC9CEB8-8B4A-11D0-8D11-00A0C91BC942}") = "0124_PtrToPtr", "0124_PtrToPtr\PtrToPtr.vcxproj", "{49BCCF24-6409-476F-99C1-035400E4DC63}"
EndProject
Project("{8BC9CEB8-8B4A-11D0-8D11-00A0C91BC942}") = "0124_voidPtrExample", "0124_voidPtrExample\0124.vcxproj", "{28CBD6EC-0ED3-4D38-AA5B-3F7623581BBF}"
EndProject
Project("{2150E333-8FDC-42A3-9474-1A3956D46DE8}") = "0125", "0125", "{D4D0FAAF-6ED9-4F86-8C2C-6101996DA94B}"
EndProject
Project("{8BC9CEB8-8B4A-11D0-8D11-00A0C91BC942}") = "0125_01NewDelArray", "0125_NewDelArray\0125_NewDelArray.vcxproj", "{7F498415-93C1-48A5-8156-0571919ECE56}"
EndProject
Project("{8BC9CEB8-8B4A-11D0-8D11-00A0C91BC942}") = "0125_02TwoDimensionExam", "0125_02TwoDimensionExam\0125_02TwoDimensionExam.vcxproj", "{381B72B4-5612-47AB-82AE-9239ED96FED7}"
EndProject
Project("{8BC9CEB8-8B4A-11D0-8D11-00A0C91BC942}") = "0125_03TwoDArrPointers", "0125_03TwoDArrPointers\0125_03TwoDArrPointers.vcxproj", "{8C366CA1-4D8A-4935-A296-365CFDA553C8}"
EndProject
Project("{8BC9CEB8-8B4A-11D0-8D11-00A0C91BC942}") = "0125_04SmartPointerExample", "0125_04SmartPointerExample\0125_04SmartPointerExample.vcxproj", "{3200163F-1E47-4BE6-8A60-97315CF66168}"
EndProject
Project("{8BC9CEB8-8B4A-11D0-8D11-00A0C91BC942}") = "0125_05FuncExam", "0125_05FucExam\0125_05FucExam.vcxproj", "{BC7BAA83-D7E4-49C1-AFDC-CB62088B0B26}"
EndProject
Project("{8BC9CEB8-8B4A-11D0-8D11-00A0C91BC942}") = "0125_06FuncOverloading", "0125_06FuncOverloading\0125_06FuncOverloading.vcxproj", "{F152F51B-A0D5-46A4-926E-838FBD14F127}"
EndProject
Project("{8BC9CEB8-8B4A-11D0-8D11-00A0C91BC942}") = "0125_07PtrFuncExam", "0125_07PtrFuncExam\0125_07PtrFuncExam.vcxproj", "{601FCE44-BE09-4514-AFD2-5D9601DE1714}"
EndProject
Global
	GlobalSection(SolutionConfigurationPlatforms) = preSolution
		Debug|x64 = Debug|x64
		Debug|x86 = Debug|x86
		Release|x64 = Release|x64
		Release|x86 = Release|x86
	EndGlobalSection
	GlobalSection(ProjectConfigurationPlatforms) = postSolution
		{F1C79C0C-F95C-4C1A-B06E-53D5D6182B98}.Debug|x64.ActiveCfg = Debug|x64
		{F1C79C0C-F95C-4C1A-B06E-53D5D6182B98}.Debug|x64.Build.0 = Debug|x64
		{F1C79C0C-F95C-4C1A-B06E-53D5D6182B98}.Debug|x86.ActiveCfg = Debug|Win32
		{F1C79C0C-F95C-4C1A-B06E-53D5D6182B98}.Debug|x86.Build.0 = Debug|Win32
		{F1C79C0C-F95C-4C1A-B06E-53D5D6182B98}.Release|x64.ActiveCfg = Release|x64
		{F1C79C0C-F95C-4C1A-B06E-53D5D6182B98}.Release|x64.Build.0 = Release|x64
		{F1C79C0C-F95C-4C1A-B06E-53D5D6182B98}.Release|x86.ActiveCfg = Release|Win32
		{F1C79C0C-F95C-4C1A-B06E-53D5D6182B98}.Release|x86.Build.0 = Release|Win32
		{F848C641-7C83-433F-A715-AD32FC70FCB7}.Debug|x64.ActiveCfg = Debug|x64
		{F848C641-7C83-433F-A715-AD32FC70FCB7}.Debug|x64.Build.0 = Debug|x64
		{F848C641-7C83-433F-A715-AD32FC70FCB7}.Debug|x86.ActiveCfg = Debug|Win32
		{F848C641-7C83-433F-A715-AD32FC70FCB7}.Debug|x86.Build.0 = Debug|Win32
		{F848C641-7C83-433F-A715-AD32FC70FCB7}.Release|x64.ActiveCfg = Release|x64
		{F848C641-7C83-433F-A715-AD32FC70FCB7}.Release|x64.Build.0 = Release|x64
		{F848C641-7C83-433F-A715-AD32FC70FCB7}.Release|x86.ActiveCfg = Release|Win32
		{F848C641-7C83-433F-A715-AD32FC70FCB7}.Release|x86.Build.0 = Release|Win32
		{B1D9AAF9-E224-4D5F-A388-E917BCA1A39E}.Debug|x64.ActiveCfg = Debug|x64
		{B1D9AAF9-E224-4D5F-A388-E917BCA1A39E}.Debug|x64.Build.0 = Debug|x64
		{B1D9AAF9-E224-4D5F-A388-E917BCA1A39E}.Debug|x86.ActiveCfg = Debug|Win32
		{B1D9AAF9-E224-4D5F-A388-E917BCA1A39E}.Debug|x86.Build.0 = Debug|Win32
		{B1D9AAF9-E224-4D5F-A388-E917BCA1A39E}.Release|x64.ActiveCfg = Release|x64
		{B1D9AAF9-E224-4D5F-A388-E917BCA1A39E}.Release|x64.Build.0 = Release|x64
		{B1D9AAF9-E224-4D5F-A388-E917BCA1A39E}.Release|x86.ActiveCfg = Release|Win32
		{B1D9AAF9-E224-4D5F-A388-E917BCA1A39E}.Release|x86.Build.0 = Release|Win32
		{372EEE1B-601E-4B0A-9C0B-273ED505B74E}.Debug|x64.ActiveCfg = Debug|x64
		{372EEE1B-601E-4B0A-9C0B-273ED505B74E}.Debug|x64.Build.0 = Debug|x64
		{372EEE1B-601E-4B0A-9C0B-273ED505B74E}.Debug|x86.ActiveCfg = Debug|Win32
		{372EEE1B-601E-4B0A-9C0B-273ED505B74E}.Debug|x86.Build.0 = Debug|Win32
		{372EEE1B-601E-4B0A-9C0B-273ED505B74E}.Release|x64.ActiveCfg = Release|x64
		{372EEE1B-601E-4B0A-9C0B-273ED505B74E}.Release|x64.Build.0 = Release|x64
		{372EEE1B-601E-4B0A-9C0B-273ED505B74E}.Release|x86.ActiveCfg = Release|Win32
		{372EEE1B-601E-4B0A-9C0B-273ED505B74E}.Release|x86.Build.0 = Release|Win32
		{E58A2EBE-98B2-4989-8830-C4495986BE08}.Debug|x64.ActiveCfg = Debug|x64
		{E58A2EBE-98B2-4989-8830-C4495986BE08}.Debug|x64.Build.0 = Debug|x64
		{E58A2EBE-98B2-4989-8830-C4495986BE08}.Debug|x86.ActiveCfg = Debug|Win32
		{E58A2EBE-98B2-4989-8830-C4495986BE08}.Debug|x86.Build.0 = Debug|Win32
		{E58A2EBE-98B2-4989-8830-C4495986BE08}.Release|x64.ActiveCfg = Release|x64
		{E58A2EBE-98B2-4989-8830-C4495986BE08}.Release|x64.Build.0 = Release|x64
		{E58A2EBE-98B2-4989-8830-C4495986BE08}.Release|x86.ActiveCfg = Release|Win32
		{E58A2EBE-98B2-4989-8830-C4495986BE08}.Release|x86.Build.0 = Release|Win32
		{94B30625-5FE0-4356-A6C9-A1D3366ABECF}.Debug|x64.ActiveCfg = Debug|x64
		{94B30625-5FE0-4356-A6C9-A1D3366ABECF}.Debug|x64.Build.0 = Debug|x64
		{94B30625-5FE0-4356-A6C9-A1D3366ABECF}.Debug|x86.ActiveCfg = Debug|Win32
		{94B30625-5FE0-4356-A6C9-A1D3366ABECF}.Debug|x86.Build.0 = Debug|Win32
		{94B30625-5FE0-4356-A6C9-A1D3366ABECF}.Release|x64.ActiveCfg = Release|x64
		{94B30625-5FE0-4356-A6C9-A1D3366ABECF}.Release|x64.Build.0 = Release|x64
		{94B30625-5FE0-4356-A6C9-A1D3366ABECF}.Release|x86.ActiveCfg = Release|Win32
		{94B30625-5FE0-4356-A6C9-A1D3366ABECF}.Release|x86.Build.0 = Release|Win32
		{68657266-9855-40DD-8D5D-FE00247EEDEC}.Debug|x64.ActiveCfg = Debug|x64
		{68657266-9855-40DD-8D5D-FE00247EEDEC}.Debug|x64.Build.0 = Debug|x64
		{68657266-9855-40DD-8D5D-FE00247EEDEC}.Debug|x86.ActiveCfg = Debug|Win32
		{68657266-9855-40DD-8D5D-FE00247EEDEC}.Debug|x86.Build.0 = Debug|Win32
		{68657266-9855-40DD-8D5D-FE00247EEDEC}.Release|x64.ActiveCfg = Release|x64
		{68657266-9855-40DD-8D5D-FE00247EEDEC}.Release|x64.Build.0 = Release|x64
		{68657266-9855-40DD-8D5D-FE00247EEDEC}.Release|x86.ActiveCfg = Release|Win32
		{68657266-9855-40DD-8D5D-FE00247EEDEC}.Release|x86.Build.0 = Release|Win32
		{A59586F5-D572-40A6-863F-BA2369C1576A}.Debug|x64.ActiveCfg = Debug|x64
		{A59586F5-D572-40A6-863F-BA2369C1576A}.Debug|x64.Build.0 = Debug|x64
		{A59586F5-D572-40A6-863F-BA2369C1576A}.Debug|x86.ActiveCfg = Debug|Win32
		{A59586F5-D572-40A6-863F-BA2369C1576A}.Debug|x86.Build.0 = Debug|Win32
		{A59586F5-D572-40A6-863F-BA2369C1576A}.Release|x64.ActiveCfg = Release|x64
		{A59586F5-D572-40A6-863F-BA2369C1576A}.Release|x64.Build.0 = Release|x64
		{A59586F5-D572-40A6-863F-BA2369C1576A}.Release|x86.ActiveCfg = Release|Win32
		{A59586F5-D572-40A6-863F-BA2369C1576A}.Release|x86.Build.0 = Release|Win32
		{A1BC52A8-85EA-4BAA-A2CD-A585E7850D05}.Debug|x64.ActiveCfg = Debug|x64
		{A1BC52A8-85EA-4BAA-A2CD-A585E7850D05}.Debug|x64.Build.0 = Debug|x64
		{A1BC52A8-85EA-4BAA-A2CD-A585E7850D05}.Debug|x86.ActiveCfg = Debug|Win32
		{A1BC52A8-85EA-4BAA-A2CD-A585E7850D05}.Debug|x86.Build.0 = Debug|Win32
		{A1BC52A8-85EA-4BAA-A2CD-A585E7850D05}.Release|x64.ActiveCfg = Release|x64
		{A1BC52A8-85EA-4BAA-A2CD-A585E7850D05}.Release|x64.Build.0 = Release|x64
		{A1BC52A8-85EA-4BAA-A2CD-A585E7850D05}.Release|x86.ActiveCfg = Release|Win32
		{A1BC52A8-85EA-4BAA-A2CD-A585E7850D05}.Release|x86.Build.0 = Release|Win32
		{F0596BBD-CEFC-4D04-8B08-E39B9195BA92}.Debug|x64.ActiveCfg = Debug|x64
		{F0596BBD-CEFC-4D04-8B08-E39B9195BA92}.Debug|x64.Build.0 = Debug|x64
		{F0596BBD-CEFC-4D04-8B08-E39B9195BA92}.Debug|x86.ActiveCfg = Debug|Win32
		{F0596BBD-CEFC-4D04-8B08-E39B9195BA92}.Debug|x86.Build.0 = Debug|Win32
		{F0596BBD-CEFC-4D04-8B08-E39B9195BA92}.Release|x64.ActiveCfg = Release|x64
		{F0596BBD-CEFC-4D04-8B08-E39B9195BA92}.Release|x64.Build.0 = Release|x64
		{F0596BBD-CEFC-4D04-8B08-E39B9195BA92}.Release|x86.ActiveCfg = Release|Win32
		{F0596BBD-CEFC-4D04-8B08-E39B9195BA92}.Release|x86.Build.0 = Release|Win32
		{EEBDD7B4-C329-4603-B299-9CC07660D594}.Debug|x64.ActiveCfg = Debug|x64
		{EEBDD7B4-C329-4603-B299-9CC07660D594}.Debug|x64.Build.0 = Debug|x64
		{EEBDD7B4-C329-4603-B299-9CC07660D594}.Debug|x86.ActiveCfg = Debug|Win32
		{EEBDD7B4-C329-4603-B299-9CC07660D594}.Debug|x86.Build.0 = Debug|Win32
		{EEBDD7B4-C329-4603-B299-9CC07660D594}.Release|x64.ActiveCfg = Release|x64
		{EEBDD7B4-C329-4603-B299-9CC07660D594}.Release|x64.Build.0 = Release|x64
		{EEBDD7B4-C329-4603-B299-9CC07660D594}.Release|x86.ActiveCfg = Release|Win32
		{EEBDD7B4-C329-4603-B299-9CC07660D594}.Release|x86.Build.0 = Release|Win32
		{E16CA821-9BD9-43A1-B5F8-587807FAB6B1}.Debug|x64.ActiveCfg = Debug|x64
		{E16CA821-9BD9-43A1-B5F8-587807FAB6B1}.Debug|x64.Build.0 = Debug|x64
		{E16CA821-9BD9-43A1-B5F8-587807FAB6B1}.Debug|x86.ActiveCfg = Debug|Win32
		{E16CA821-9BD9-43A1-B5F8-587807FAB6B1}.Debug|x86.Build.0 = Debug|Win32
		{E16CA821-9BD9-43A1-B5F8-587807FAB6B1}.Release|x64.ActiveCfg = Release|x64
		{E16CA821-9BD9-43A1-B5F8-587807FAB6B1}.Release|x64.Build.0 = Release|x64
		{E16CA821-9BD9-43A1-B5F8-587807FAB6B1}.Release|x86.ActiveCfg = Release|Win32
		{E16CA821-9BD9-43A1-B5F8-587807FAB6B1}.Release|x86.Build.0 = Release|Win32
		{78AE7476-6DB0-4B32-AD36-84B229AF3F8B}.Debug|x64.ActiveCfg = Debug|x64
		{78AE7476-6DB0-4B32-AD36-84B229AF3F8B}.Debug|x64.Build.0 = Debug|x64
		{78AE7476-6DB0-4B32-AD36-84B229AF3F8B}.Debug|x86.ActiveCfg = Debug|Win32
		{78AE7476-6DB0-4B32-AD36-84B229AF3F8B}.Debug|x86.Build.0 = Debug|Win32
		{78AE7476-6DB0-4B32-AD36-84B229AF3F8B}.Release|x64.ActiveCfg = Release|x64
		{78AE7476-6DB0-4B32-AD36-84B229AF3F8B}.Release|x64.Build.0 = Release|x64
		{78AE7476-6DB0-4B32-AD36-84B229AF3F8B}.Release|x86.ActiveCfg = Release|Win32
		{78AE7476-6DB0-4B32-AD36-84B229AF3F8B}.Release|x86.Build.0 = Release|Win32
		{77EF47B5-2E35-4B7B-877C-9A5FAD7B944F}.Debug|x64.ActiveCfg = Debug|x64
		{77EF47B5-2E35-4B7B-877C-9A5FAD7B944F}.Debug|x64.Build.0 = Debug|x64
		{77EF47B5-2E35-4B7B-877C-9A5FAD7B944F}.Debug|x86.ActiveCfg = Debug|Win32
		{77EF47B5-2E35-4B7B-877C-9A5FAD7B944F}.Debug|x86.Build.0 = Debug|Win32
		{77EF47B5-2E35-4B7B-877C-9A5FAD7B944F}.Release|x64.ActiveCfg = Release|x64
		{77EF47B5-2E35-4B7B-877C-9A5FAD7B944F}.Release|x64.Build.0 = Release|x64
		{77EF47B5-2E35-4B7B-877C-9A5FAD7B944F}.Release|x86.ActiveCfg = Release|Win32
		{77EF47B5-2E35-4B7B-877C-9A5FAD7B944F}.Release|x86.Build.0 = Release|Win32
		{E7B94B2D-E485-4B7E-A7C8-906ADEF8284E}.Debug|x64.ActiveCfg = Debug|x64
		{E7B94B2D-E485-4B7E-A7C8-906ADEF8284E}.Debug|x64.Build.0 = Debug|x64
		{E7B94B2D-E485-4B7E-A7C8-906ADEF8284E}.Debug|x86.ActiveCfg = Debug|Win32
		{E7B94B2D-E485-4B7E-A7C8-906ADEF8284E}.Debug|x86.Build.0 = Debug|Win32
		{E7B94B2D-E485-4B7E-A7C8-906ADEF8284E}.Release|x64.ActiveCfg = Release|x64
		{E7B94B2D-E485-4B7E-A7C8-906ADEF8284E}.Release|x64.Build.0 = Release|x64
		{E7B94B2D-E485-4B7E-A7C8-906ADEF8284E}.Release|x86.ActiveCfg = Release|Win32
		{E7B94B2D-E485-4B7E-A7C8-906ADEF8284E}.Release|x86.Build.0 = Release|Win32
		{633012DB-0484-43E0-A132-15BBE486CD64}.Debug|x64.ActiveCfg = Debug|x64
		{633012DB-0484-43E0-A132-15BBE486CD64}.Debug|x64.Build.0 = Debug|x64
		{633012DB-0484-43E0-A132-15BBE486CD64}.Debug|x86.ActiveCfg = Debug|Win32
		{633012DB-0484-43E0-A132-15BBE486CD64}.Debug|x86.Build.0 = Debug|Win32
		{633012DB-0484-43E0-A132-15BBE486CD64}.Release|x64.ActiveCfg = Release|x64
		{633012DB-0484-43E0-A132-15BBE486CD64}.Release|x64.Build.0 = Release|x64
		{633012DB-0484-43E0-A132-15BBE486CD64}.Release|x86.ActiveCfg = Release|Win32
		{633012DB-0484-43E0-A132-15BBE486CD64}.Release|x86.Build.0 = Release|Win32
		{164090DF-D3C5-4B3C-A5BD-16670BA8184D}.Debug|x64.ActiveCfg = Debug|x64
		{164090DF-D3C5-4B3C-A5BD-16670BA8184D}.Debug|x64.Build.0 = Debug|x64
		{164090DF-D3C5-4B3C-A5BD-16670BA8184D}.Debug|x86.ActiveCfg = Debug|Win32
		{164090DF-D3C5-4B3C-A5BD-16670BA8184D}.Debug|x86.Build.0 = Debug|Win32
		{164090DF-D3C5-4B3C-A5BD-16670BA8184D}.Release|x64.ActiveCfg = Release|x64
		{164090DF-D3C5-4B3C-A5BD-16670BA8184D}.Release|x64.Build.0 = Release|x64
		{164090DF-D3C5-4B3C-A5BD-16670BA8184D}.Release|x86.ActiveCfg = Release|Win32
		{164090DF-D3C5-4B3C-A5BD-16670BA8184D}.Release|x86.Build.0 = Release|Win32
		{49BCCF24-6409-476F-99C1-035400E4DC63}.Debug|x64.ActiveCfg = Debug|x64
		{49BCCF24-6409-476F-99C1-035400E4DC63}.Debug|x64.Build.0 = Debug|x64
		{49BCCF24-6409-476F-99C1-035400E4DC63}.Debug|x86.ActiveCfg = Debug|Win32
		{49BCCF24-6409-476F-99C1-035400E4DC63}.Debug|x86.Build.0 = Debug|Win32
		{49BCCF24-6409-476F-99C1-035400E4DC63}.Release|x64.ActiveCfg = Release|x64
		{49BCCF24-6409-476F-99C1-035400E4DC63}.Release|x64.Build.0 = Release|x64
		{49BCCF24-6409-476F-99C1-035400E4DC63}.Release|x86.ActiveCfg = Release|Win32
		{49BCCF24-6409-476F-99C1-035400E4DC63}.Release|x86.Build.0 = Release|Win32
		{28CBD6EC-0ED3-4D38-AA5B-3F7623581BBF}.Debug|x64.ActiveCfg = Debug|x64
		{28CBD6EC-0ED3-4D38-AA5B-3F7623581BBF}.Debug|x64.Build.0 = Debug|x64
		{28CBD6EC-0ED3-4D38-AA5B-3F7623581BBF}.Debug|x86.ActiveCfg = Debug|Win32
		{28CBD6EC-0ED3-4D38-AA5B-3F7623581BBF}.Debug|x86.Build.0 = Debug|Win32
		{28CBD6EC-0ED3-4D38-AA5B-3F7623581BBF}.Release|x64.ActiveCfg = Release|x64
		{28CBD6EC-0ED3-4D38-AA5B-3F7623581BBF}.Release|x64.Build.0 = Release|x64
		{28CBD6EC-0ED3-4D38-AA5B-3F7623581BBF}.Release|x86.ActiveCfg = Release|Win32
		{28CBD6EC-0ED3-4D38-AA5B-3F7623581BBF}.Release|x86.Build.0 = Release|Win32
		{7F498415-93C1-48A5-8156-0571919ECE56}.Debug|x64.ActiveCfg = Debug|x64
		{7F498415-93C1-48A5-8156-0571919ECE56}.Debug|x64.Build.0 = Debug|x64
		{7F498415-93C1-48A5-8156-0571919ECE56}.Debug|x86.ActiveCfg = Debug|Win32
		{7F498415-93C1-48A5-8156-0571919ECE56}.Debug|x86.Build.0 = Debug|Win32
		{7F498415-93C1-48A5-8156-0571919ECE56}.Release|x64.ActiveCfg = Release|x64
		{7F498415-93C1-48A5-8156-0571919ECE56}.Release|x64.Build.0 = Release|x64
		{7F498415-93C1-48A5-8156-0571919ECE56}.Release|x86.ActiveCfg = Release|Win32
		{7F498415-93C1-48A5-8156-0571919ECE56}.Release|x86.Build.0 = Release|Win32
		{381B72B4-5612-47AB-82AE-9239ED96FED7}.Debug|x64.ActiveCfg = Debug|x64
		{381B72B4-5612-47AB-82AE-9239ED96FED7}.Debug|x64.Build.0 = Debug|x64
		{381B72B4-5612-47AB-82AE-9239ED96FED7}.Debug|x86.ActiveCfg = Debug|Win32
		{381B72B4-5612-47AB-82AE-9239ED96FED7}.Debug|x86.Build.0 = Debug|Win32
		{381B72B4-5612-47AB-82AE-9239ED96FED7}.Release|x64.ActiveCfg = Release|x64
		{381B72B4-5612-47AB-82AE-9239ED96FED7}.Release|x64.Build.0 = Release|x64
		{381B72B4-5612-47AB-82AE-9239ED96FED7}.Release|x86.ActiveCfg = Release|Win32
		{381B72B4-5612-47AB-82AE-9239ED96FED7}.Release|x86.Build.0 = Release|Win32
		{8C366CA1-4D8A-4935-A296-365CFDA553C8}.Debug|x64.ActiveCfg = Debug|x64
		{8C366CA1-4D8A-4935-A296-365CFDA553C8}.Debug|x64.Build.0 = Debug|x64
		{8C366CA1-4D8A-4935-A296-365CFDA553C8}.Debug|x86.ActiveCfg = Debug|Win32
		{8C366CA1-4D8A-4935-A296-365CFDA553C8}.Debug|x86.Build.0 = Debug|Win32
		{8C366CA1-4D8A-4935-A296-365CFDA553C8}.Release|x64.ActiveCfg = Release|x64
		{8C366CA1-4D8A-4935-A296-365CFDA553C8}.Release|x64.Build.0 = Release|x64
		{8C366CA1-4D8A-4935-A296-365CFDA553C8}.Release|x86.ActiveCfg = Release|Win32
		{8C366CA1-4D8A-4935-A296-365CFDA553C8}.Release|x86.Build.0 = Release|Win32
		{3200163F-1E47-4BE6-8A60-97315CF66168}.Debug|x64.ActiveCfg = Debug|x64
		{3200163F-1E47-4BE6-8A60-97315CF66168}.Debug|x64.Build.0 = Debug|x64
		{3200163F-1E47-4BE6-8A60-97315CF66168}.Debug|x86.ActiveCfg = Debug|Win32
		{3200163F-1E47-4BE6-8A60-97315CF66168}.Debug|x86.Build.0 = Debug|Win32
		{3200163F-1E47-4BE6-8A60-97315CF66168}.Release|x64.ActiveCfg = Release|x64
		{3200163F-1E47-4BE6-8A60-97315CF66168}.Release|x64.Build.0 = Release|x64
		{3200163F-1E47-4BE6-8A60-97315CF66168}.Release|x86.ActiveCfg = Release|Win32
		{3200163F-1E47-4BE6-8A60-97315CF66168}.Release|x86.Build.0 = Release|Win32
		{BC7BAA83-D7E4-49C1-AFDC-CB62088B0B26}.Debug|x64.ActiveCfg = Debug|x64
		{BC7BAA83-D7E4-49C1-AFDC-CB62088B0B26}.Debug|x64.Build.0 = Debug|x64
		{BC7BAA83-D7E4-49C1-AFDC-CB62088B0B26}.Debug|x86.ActiveCfg = Debug|Win32
		{BC7BAA83-D7E4-49C1-AFDC-CB62088B0B26}.Debug|x86.Build.0 = Debug|Win32
		{BC7BAA83-D7E4-49C1-AFDC-CB62088B0B26}.Release|x64.ActiveCfg = Release|x64
		{BC7BAA83-D7E4-49C1-AFDC-CB62088B0B26}.Release|x64.Build.0 = Release|x64
		{BC7BAA83-D7E4-49C1-AFDC-CB62088B0B26}.Release|x86.ActiveCfg = Release|Win32
		{BC7BAA83-D7E4-49C1-AFDC-CB62088B0B26}.Release|x86.Build.0 = Release|Win32
		{F152F51B-A0D5-46A4-926E-838FBD14F127}.Debug|x64.ActiveCfg = Debug|x64
		{F152F51B-A0D5-46A4-926E-838FBD14F127}.Debug|x64.Build.0 = Debug|x64
		{F152F51B-A0D5-46A4-926E-838FBD14F127}.Debug|x86.ActiveCfg = Debug|Win32
		{F152F51B-A0D5-46A4-926E-838FBD14F127}.Debug|x86.Build.0 = Debug|Win32
		{F152F51B-A0D5-46A4-926E-838FBD14F127}.Release|x64.ActiveCfg = Release|x64
		{F152F51B-A0D5-46A4-926E-838FBD14F127}.Release|x64.Build.0 = Release|x64
		{F152F51B-A0D5-46A4-926E-838FBD14F127}.Release|x86.ActiveCfg = Release|Win32
		{F152F51B-A0D5-46A4-926E-838FBD14F127}.Release|x86.Build.0 = Release|Win32
		{601FCE44-BE09-4514-AFD2-5D9601DE1714}.Debug|x64.ActiveCfg = Debug|x64
		{601FCE44-BE09-4514-AFD2-5D9601DE1714}.Debug|x64.Build.0 = Debug|x64
		{601FCE44-BE09-4514-AFD2-5D9601DE1714}.Debug|x86.ActiveCfg = Debug|Win32
		{601FCE44-BE09-4514-AFD2-5D9601DE1714}.Debug|x86.Build.0 = Debug|Win32
		{601FCE44-BE09-4514-AFD2-5D9601DE1714}.Release|x64.ActiveCfg = Release|x64
		{601FCE44-BE09-4514-AFD2-5D9601DE1714}.Release|x64.Build.0 = Release|x64
		{601FCE44-BE09-4514-AFD2-5D9601DE1714}.Release|x86.ActiveCfg = Release|Win32
		{601FCE44-BE09-4514-AFD2-5D9601DE1714}.Release|x86.Build.0 = Release|Win32
	EndGlobalSection
	GlobalSection(SolutionProperties) = preSolution
		HideSolutionNode = FALSE
	EndGlobalSection
	GlobalSection(NestedProjects) = preSolution
		{F1C79C0C-F95C-4C1A-B06E-53D5D6182B98} = {241459B0-2B14-454C-8595-261C328B6A11}
		{F848C641-7C83-433F-A715-AD32FC70FCB7} = {241459B0-2B14-454C-8595-261C328B6A11}
		{B1D9AAF9-E224-4D5F-A388-E917BCA1A39E} = {241459B0-2B14-454C-8595-261C328B6A11}
		{372EEE1B-601E-4B0A-9C0B-273ED505B74E} = {241459B0-2B14-454C-8595-261C328B6A11}
		{E58A2EBE-98B2-4989-8830-C4495986BE08} = {8A6D2B46-9A90-421A-9871-14D1B53FD0E4}
		{94B30625-5FE0-4356-A6C9-A1D3366ABECF} = {8A6D2B46-9A90-421A-9871-14D1B53FD0E4}
		{68657266-9855-40DD-8D5D-FE00247EEDEC} = {8A6D2B46-9A90-421A-9871-14D1B53FD0E4}
		{A59586F5-D572-40A6-863F-BA2369C1576A} = {8A6D2B46-9A90-421A-9871-14D1B53FD0E4}
		{A1BC52A8-85EA-4BAA-A2CD-A585E7850D05} = {E5491F02-28BA-41EB-B62B-CE1D710836F1}
		{F0596BBD-CEFC-4D04-8B08-E39B9195BA92} = {E5491F02-28BA-41EB-B62B-CE1D710836F1}
		{EEBDD7B4-C329-4603-B299-9CC07660D594} = {E5491F02-28BA-41EB-B62B-CE1D710836F1}
		{E16CA821-9BD9-43A1-B5F8-587807FAB6B1} = {E5491F02-28BA-41EB-B62B-CE1D710836F1}
		{78AE7476-6DB0-4B32-AD36-84B229AF3F8B} = {E5491F02-28BA-41EB-B62B-CE1D710836F1}
		{77EF47B5-2E35-4B7B-877C-9A5FAD7B944F} = {E5491F02-28BA-41EB-B62B-CE1D710836F1}
		{E7B94B2D-E485-4B7E-A7C8-906ADEF8284E} = {E5491F02-28BA-41EB-B62B-CE1D710836F1}
		{633012DB-0484-43E0-A132-15BBE486CD64} = {9B877A55-E7EA-485C-8DCD-88F5A31FB71D}
		{164090DF-D3C5-4B3C-A5BD-16670BA8184D} = {9B877A55-E7EA-485C-8DCD-88F5A31FB71D}
		{49BCCF24-6409-476F-99C1-035400E4DC63} = {9B877A55-E7EA-485C-8DCD-88F5A31FB71D}
		{28CBD6EC-0ED3-4D38-AA5B-3F7623581BBF} = {9B877A55-E7EA-485C-8DCD-88F5A31FB71D}
		{7F498415-93C1-48A5-8156-0571919ECE56} = {D4D0FAAF-6ED9-4F86-8C2C-6101996DA94B}
		{381B72B4-5612-47AB-82AE-9239ED96FED7} = {D4D0FAAF-6ED9-4F86-8C2C-6101996DA94B}
		{8C366CA1-4D8A-4935-A296-365CFDA553C8} = {D4D0FAAF-6ED9-4F86-8C2C-6101996DA94B}
		{3200163F-1E47-4BE6-8A60-97315CF66168} = {D4D0FAAF-6ED9-4F86-8C2C-6101996DA94B}
		{BC7BAA83-D7E4-49C1-AFDC-CB62088B0B26} = {D4D0FAAF-6ED9-4F86-8C2C-6101996DA94B}
		{F152F51B-A0D5-46A4-926E-838FBD14F127} = {D4D0FAAF-6ED9-4F86-8C2C-6101996DA94B}
		{601FCE44-BE09-4514-AFD2-5D9601DE1714} = {D4D0FAAF-6ED9-4F86-8C2C-6101996DA94B}
	EndGlobalSection
	GlobalSection(ExtensibilityGlobals) = postSolution
		SolutionGuid = {4DB430BE-2B33-4C04-A282-457D8630FA66}
	EndGlobalSection
EndGlobal
